// !$*UTF8*$!
{
	archiveVersion = 1;
	classes = {
	};
	objectVersion = 46;
	objects = {

/* Begin PBXBuildFile section */
		7C177C121DEFEE73008C9DF1 /* AppDelegate.swift in Sources */ = {isa = PBXBuildFile; fileRef = 7C177C111DEFEE73008C9DF1 /* AppDelegate.swift */; };
		7C177C141DEFEE73008C9DF1 /* ViewController1.swift in Sources */ = {isa = PBXBuildFile; fileRef = 7C177C131DEFEE73008C9DF1 /* ViewController1.swift */; };
		7C177C161DEFEE73008C9DF1 /* Assets.xcassets in Resources */ = {isa = PBXBuildFile; fileRef = 7C177C151DEFEE73008C9DF1 /* Assets.xcassets */; };
		7C177C191DEFEE73008C9DF1 /* Main.storyboard in Resources */ = {isa = PBXBuildFile; fileRef = 7C177C171DEFEE73008C9DF1 /* Main.storyboard */; };
		7C1E5A4C1E0113EC00C3C2E2 /* LogModule.m in Sources */ = {isa = PBXBuildFile; fileRef = 7CE6251A1D93B3C8007533D7 /* LogModule.m */; };
		7C1E5A4D1E0113EC00C3C2E2 /* LSCTPerson.m in Sources */ = {isa = PBXBuildFile; fileRef = 7CE625291D93B435007533D7 /* LSCTPerson.m */; };
		7C210E041DCB5FD3000838F9 /* test.lua in Resources */ = {isa = PBXBuildFile; fileRef = 7C210E031DCB5FD3000838F9 /* test.lua */; };
		7C210E051DCB5FD3000838F9 /* test.lua in Resources */ = {isa = PBXBuildFile; fileRef = 7C210E031DCB5FD3000838F9 /* test.lua */; };
		7C21ED051DEFBE9A00507DA2 /* AppDelegate.swift in Sources */ = {isa = PBXBuildFile; fileRef = 7C21ED041DEFBE9A00507DA2 /* AppDelegate.swift */; };
		7C21ED071DEFBE9A00507DA2 /* ViewController.swift in Sources */ = {isa = PBXBuildFile; fileRef = 7C21ED061DEFBE9A00507DA2 /* ViewController.swift */; };
		7C21ED0A1DEFBE9A00507DA2 /* Main.storyboard in Resources */ = {isa = PBXBuildFile; fileRef = 7C21ED081DEFBE9A00507DA2 /* Main.storyboard */; };
		7C21ED0C1DEFBE9A00507DA2 /* Assets.xcassets in Resources */ = {isa = PBXBuildFile; fileRef = 7C21ED0B1DEFBE9A00507DA2 /* Assets.xcassets */; };
		7C21ED0F1DEFBE9A00507DA2 /* LaunchScreen.storyboard in Resources */ = {isa = PBXBuildFile; fileRef = 7C21ED0D1DEFBE9A00507DA2 /* LaunchScreen.storyboard */; };
		7C21ED331DEFC39400507DA2 /* dkjson.lua in Resources */ = {isa = PBXBuildFile; fileRef = 7CE6250F1D93B3AA007533D7 /* dkjson.lua */; };
		7C21ED341DEFC39400507DA2 /* main.lua in Resources */ = {isa = PBXBuildFile; fileRef = 7CE625101D93B3AA007533D7 /* main.lua */; };
		7C21ED351DEFC39400507DA2 /* todo.lua in Resources */ = {isa = PBXBuildFile; fileRef = 7CE625111D93B3AA007533D7 /* todo.lua */; };
		7C21ED361DEFC39400507DA2 /* test.lua in Resources */ = {isa = PBXBuildFile; fileRef = 7C210E031DCB5FD3000838F9 /* test.lua */; };
		7C21ED381DEFCEFA00507DA2 /* LogModule.swift in Sources */ = {isa = PBXBuildFile; fileRef = 7C21ED371DEFCEFA00507DA2 /* LogModule.swift */; };
		7C21ED3D1DEFD41200507DA2 /* LSCTPerson.swift in Sources */ = {isa = PBXBuildFile; fileRef = 7C21ED3C1DEFD41200507DA2 /* LSCTPerson.swift */; };
		7C44C776212A68C8004D8D6F /* LSCHTTPTask.m in Sources */ = {isa = PBXBuildFile; fileRef = 7C44C775212A68C8004D8D6F /* LSCHTTPTask.m */; };
		7C44C777212A68C8004D8D6F /* LSCHTTPTask.m in Sources */ = {isa = PBXBuildFile; fileRef = 7C44C775212A68C8004D8D6F /* LSCHTTPTask.m */; };
		7C44C77E212AA0F6004D8D6F /* LSCEncoding.m in Sources */ = {isa = PBXBuildFile; fileRef = 7C44C77D212AA0F6004D8D6F /* LSCEncoding.m */; };
		7C44C77F212AA0F6004D8D6F /* LSCEncoding.m in Sources */ = {isa = PBXBuildFile; fileRef = 7C44C77D212AA0F6004D8D6F /* LSCEncoding.m */; };
		7C44C782212AA693004D8D6F /* LSCHTTPFile.m in Sources */ = {isa = PBXBuildFile; fileRef = 7C44C781212AA693004D8D6F /* LSCHTTPFile.m */; };
		7C44C783212AA693004D8D6F /* LSCHTTPFile.m in Sources */ = {isa = PBXBuildFile; fileRef = 7C44C781212AA693004D8D6F /* LSCHTTPFile.m */; };
		7C44C788212AB472004D8D6F /* HTTP-Sample.lua in Resources */ = {isa = PBXBuildFile; fileRef = 7C44C787212AB472004D8D6F /* HTTP-Sample.lua */; };
		7C44C789212AB472004D8D6F /* HTTP-Sample.lua in Resources */ = {isa = PBXBuildFile; fileRef = 7C44C787212AB472004D8D6F /* HTTP-Sample.lua */; };
		7C44C78C212AB873004D8D6F /* HttpModuleViewController.m in Sources */ = {isa = PBXBuildFile; fileRef = 7C44C78B212AB873004D8D6F /* HttpModuleViewController.m */; };
		7C49AE41212BC5850031D627 /* ModuleListViewController.m in Sources */ = {isa = PBXBuildFile; fileRef = 7C49AE40212BC5850031D627 /* ModuleListViewController.m */; };
		7C49AE45212BC63B0031D627 /* ModuleListViewController.swift in Sources */ = {isa = PBXBuildFile; fileRef = 7C49AE44212BC63B0031D627 /* ModuleListViewController.swift */; };
		7C49AE48212BC75C0031D627 /* EncodingModuleViewController.swift in Sources */ = {isa = PBXBuildFile; fileRef = 7C49AE47212BC75C0031D627 /* EncodingModuleViewController.swift */; };
		7C49AE4A212BC8F60031D627 /* PathModuleViewController.swift in Sources */ = {isa = PBXBuildFile; fileRef = 7C49AE49212BC8F60031D627 /* PathModuleViewController.swift */; };
		7C49AE4C212BCA150031D627 /* HttpModuleViewController.swift in Sources */ = {isa = PBXBuildFile; fileRef = 7C49AE4B212BCA150031D627 /* HttpModuleViewController.swift */; };
		7C49AE4E212BCA940031D627 /* LSCHTTPTask.swift in Sources */ = {isa = PBXBuildFile; fileRef = 7C49AE4D212BCA940031D627 /* LSCHTTPTask.swift */; };
		7C49AE4F212BCA940031D627 /* LSCHTTPTask.swift in Sources */ = {isa = PBXBuildFile; fileRef = 7C49AE4D212BCA940031D627 /* LSCHTTPTask.swift */; };
		7C49AE51212BE5140031D627 /* LSCHTTPFile.swift in Sources */ = {isa = PBXBuildFile; fileRef = 7C49AE50212BE5140031D627 /* LSCHTTPFile.swift */; };
		7C49AE52212BE5140031D627 /* LSCHTTPFile.swift in Sources */ = {isa = PBXBuildFile; fileRef = 7C49AE50212BE5140031D627 /* LSCHTTPFile.swift */; };
		7C49AE54212C15310031D627 /* ModulesViewController.swift in Sources */ = {isa = PBXBuildFile; fileRef = 7C49AE53212C15310031D627 /* ModulesViewController.swift */; };
		7C5A61811D6AE2A3007D4308 /* AppDelegate.m in Sources */ = {isa = PBXBuildFile; fileRef = 7C5A61801D6AE2A3007D4308 /* AppDelegate.m */; };
		7C5A61841D6AE2A3007D4308 /* main.m in Sources */ = {isa = PBXBuildFile; fileRef = 7C5A61831D6AE2A3007D4308 /* main.m */; };
		7C5A61871D6AE2A3007D4308 /* ViewController.m in Sources */ = {isa = PBXBuildFile; fileRef = 7C5A61861D6AE2A3007D4308 /* ViewController.m */; };
		7C5A61891D6AE2A3007D4308 /* Assets.xcassets in Resources */ = {isa = PBXBuildFile; fileRef = 7C5A61881D6AE2A3007D4308 /* Assets.xcassets */; };
		7C5A618C1D6AE2A3007D4308 /* Main.storyboard in Resources */ = {isa = PBXBuildFile; fileRef = 7C5A618A1D6AE2A3007D4308 /* Main.storyboard */; };
		7C6B127E1D6AFD1400489D9E /* AppDelegate.m in Sources */ = {isa = PBXBuildFile; fileRef = 7C6B12741D6AFD1400489D9E /* AppDelegate.m */; };
		7C6B127F1D6AFD1400489D9E /* Assets.xcassets in Resources */ = {isa = PBXBuildFile; fileRef = 7C6B12751D6AFD1400489D9E /* Assets.xcassets */; };
		7C6B12801D6AFD1400489D9E /* LaunchScreen.storyboard in Resources */ = {isa = PBXBuildFile; fileRef = 7C6B12761D6AFD1400489D9E /* LaunchScreen.storyboard */; };
		7C6B12811D6AFD1400489D9E /* Main.storyboard in Resources */ = {isa = PBXBuildFile; fileRef = 7C6B12781D6AFD1400489D9E /* Main.storyboard */; };
		7C6B12831D6AFD1400489D9E /* main.m in Sources */ = {isa = PBXBuildFile; fileRef = 7C6B127B1D6AFD1400489D9E /* main.m */; };
		7C6B12841D6AFD1400489D9E /* ViewController.m in Sources */ = {isa = PBXBuildFile; fileRef = 7C6B127D1D6AFD1400489D9E /* ViewController.m */; };
		7C78749D1EA4BE0E00FED498 /* LSCTNativeData.swift in Sources */ = {isa = PBXBuildFile; fileRef = 7C78749C1EA4BE0E00FED498 /* LSCTNativeData.swift */; };
		7C88E8A620240516000C15D5 /* libLuaScriptCore-iOS.a in Frameworks */ = {isa = PBXBuildFile; fileRef = 7C88E89620240504000C15D5 /* libLuaScriptCore-iOS.a */; };
		7C88E8A920240578000C15D5 /* libLuaScriptCore-OSX.a in Frameworks */ = {isa = PBXBuildFile; fileRef = 7C88E89A20240504000C15D5 /* libLuaScriptCore-OSX.a */; };
		7C88E8AC20240625000C15D5 /* LuaScriptCore_iOS_Swift.framework in Frameworks */ = {isa = PBXBuildFile; fileRef = 7C88E89E20240504000C15D5 /* LuaScriptCore_iOS_Swift.framework */; };
		7C88E8AD2024062D000C15D5 /* LuaScriptCore_iOS_Swift.framework in Embed Frameworks */ = {isa = PBXBuildFile; fileRef = 7C88E89E20240504000C15D5 /* LuaScriptCore_iOS_Swift.framework */; settings = {ATTRIBUTES = (CodeSignOnCopy, RemoveHeadersOnCopy, ); }; };
		7C88E8B02024064E000C15D5 /* LuaScriptCore_OSX_Swift.framework in Frameworks */ = {isa = PBXBuildFile; fileRef = 7C88E8A220240504000C15D5 /* LuaScriptCore_OSX_Swift.framework */; };
		7C88E8B120240654000C15D5 /* LuaScriptCore_OSX_Swift.framework in Embed Frameworks */ = {isa = PBXBuildFile; fileRef = 7C88E8A220240504000C15D5 /* LuaScriptCore_OSX_Swift.framework */; settings = {ATTRIBUTES = (CodeSignOnCopy, RemoveHeadersOnCopy, ); }; };
		7CA46E5A1DEFFE3C0014253A /* LogModule.swift in Sources */ = {isa = PBXBuildFile; fileRef = 7CA46E591DEFFE3C0014253A /* LogModule.swift */; };
		7CA46E5C1DEFFE820014253A /* LSCTPerson.swift in Sources */ = {isa = PBXBuildFile; fileRef = 7CA46E5B1DEFFE820014253A /* LSCTPerson.swift */; };
		7CCA263B1EA45634007F20A9 /* LSCTNativeData.m in Sources */ = {isa = PBXBuildFile; fileRef = 7CCA263A1EA45634007F20A9 /* LSCTNativeData.m */; };
		7CCA263C1EA45634007F20A9 /* LSCTNativeData.m in Sources */ = {isa = PBXBuildFile; fileRef = 7CCA263A1EA45634007F20A9 /* LSCTNativeData.m */; };
		7CCA263E1EA4754E007F20A9 /* LSCTNativeData.swift in Sources */ = {isa = PBXBuildFile; fileRef = 7CCA263D1EA4754E007F20A9 /* LSCTNativeData.swift */; };
		7CCF836E211BF91800BF7723 /* hello.lua in Resources */ = {isa = PBXBuildFile; fileRef = 7CCF8366211BF91800BF7723 /* hello.lua */; };
		7CD374C621378979007C55ED /* Foundation.lua in Resources */ = {isa = PBXBuildFile; fileRef = 7CD374C521378979007C55ED /* Foundation.lua */; };
		7CD374C721378979007C55ED /* Foundation.lua in Resources */ = {isa = PBXBuildFile; fileRef = 7CD374C521378979007C55ED /* Foundation.lua */; };
		7CD374C821378979007C55ED /* Foundation.lua in Resources */ = {isa = PBXBuildFile; fileRef = 7CD374C521378979007C55ED /* Foundation.lua */; };
		7CD374C921378979007C55ED /* Foundation.lua in Resources */ = {isa = PBXBuildFile; fileRef = 7CD374C521378979007C55ED /* Foundation.lua */; };
		7CD374CC21378988007C55ED /* HTTP.lua in Resources */ = {isa = PBXBuildFile; fileRef = 7CD374CB21378988007C55ED /* HTTP.lua */; };
		7CD374CD21378988007C55ED /* HTTP.lua in Resources */ = {isa = PBXBuildFile; fileRef = 7CD374CB21378988007C55ED /* HTTP.lua */; };
		7CD374CE21378988007C55ED /* HTTP.lua in Resources */ = {isa = PBXBuildFile; fileRef = 7CD374CB21378988007C55ED /* HTTP.lua */; };
		7CD374CF21378988007C55ED /* HTTP.lua in Resources */ = {isa = PBXBuildFile; fileRef = 7CD374CB21378988007C55ED /* HTTP.lua */; };
		7CD374D121378AE1007C55ED /* timg.jpeg in Resources */ = {isa = PBXBuildFile; fileRef = 7CD374D021378AE1007C55ED /* timg.jpeg */; };
		7CD374D221378AE1007C55ED /* timg.jpeg in Resources */ = {isa = PBXBuildFile; fileRef = 7CD374D021378AE1007C55ED /* timg.jpeg */; };
		7CD374D321378AE1007C55ED /* timg.jpeg in Resources */ = {isa = PBXBuildFile; fileRef = 7CD374D021378AE1007C55ED /* timg.jpeg */; };
		7CD374D421378AE1007C55ED /* timg.jpeg in Resources */ = {isa = PBXBuildFile; fileRef = 7CD374D021378AE1007C55ED /* timg.jpeg */; };
		7CE28F44212B9F7B0042A3DC /* LSCPath.m in Sources */ = {isa = PBXBuildFile; fileRef = 7CE28F43212B9F7B0042A3DC /* LSCPath.m */; };
		7CE28F45212B9F7B0042A3DC /* LSCPath.m in Sources */ = {isa = PBXBuildFile; fileRef = 7CE28F43212B9F7B0042A3DC /* LSCPath.m */; };
		7CE28F48212BA1770042A3DC /* Encoding-Sample.lua in Resources */ = {isa = PBXBuildFile; fileRef = 7CE28F47212BA1770042A3DC /* Encoding-Sample.lua */; };
		7CE28F49212BA1770042A3DC /* Encoding-Sample.lua in Resources */ = {isa = PBXBuildFile; fileRef = 7CE28F47212BA1770042A3DC /* Encoding-Sample.lua */; };
		7CE28F4A212BA1770042A3DC /* Encoding-Sample.lua in Resources */ = {isa = PBXBuildFile; fileRef = 7CE28F47212BA1770042A3DC /* Encoding-Sample.lua */; };
		7CE28F4B212BA1770042A3DC /* Encoding-Sample.lua in Resources */ = {isa = PBXBuildFile; fileRef = 7CE28F47212BA1770042A3DC /* Encoding-Sample.lua */; };
		7CE28F4D212BA1880042A3DC /* Path-Sample.lua in Resources */ = {isa = PBXBuildFile; fileRef = 7CE28F4C212BA1880042A3DC /* Path-Sample.lua */; };
		7CE28F4E212BA1880042A3DC /* Path-Sample.lua in Resources */ = {isa = PBXBuildFile; fileRef = 7CE28F4C212BA1880042A3DC /* Path-Sample.lua */; };
		7CE28F4F212BA1880042A3DC /* Path-Sample.lua in Resources */ = {isa = PBXBuildFile; fileRef = 7CE28F4C212BA1880042A3DC /* Path-Sample.lua */; };
		7CE28F50212BA1880042A3DC /* Path-Sample.lua in Resources */ = {isa = PBXBuildFile; fileRef = 7CE28F4C212BA1880042A3DC /* Path-Sample.lua */; };
		7CE28F51212BA18C0042A3DC /* HTTP-Sample.lua in Resources */ = {isa = PBXBuildFile; fileRef = 7C44C787212AB472004D8D6F /* HTTP-Sample.lua */; };
		7CE28F52212BA18C0042A3DC /* HTTP-Sample.lua in Resources */ = {isa = PBXBuildFile; fileRef = 7C44C787212AB472004D8D6F /* HTTP-Sample.lua */; };
		7CE28F5C212BA39D0042A3DC /* EncodingModuleViewController.m in Sources */ = {isa = PBXBuildFile; fileRef = 7CE28F5B212BA39D0042A3DC /* EncodingModuleViewController.m */; };
		7CE28F61212BA81C0042A3DC /* PathModuleViewController.m in Sources */ = {isa = PBXBuildFile; fileRef = 7CE28F60212BA81C0042A3DC /* PathModuleViewController.m */; };
		7CE28F6B212BAE210042A3DC /* ModulesViewController.m in Sources */ = {isa = PBXBuildFile; fileRef = 7CE28F6A212BAE210042A3DC /* ModulesViewController.m */; };
		7CE28F6D212BB6560042A3DC /* LSCEncoding.swift in Sources */ = {isa = PBXBuildFile; fileRef = 7CE28F6C212BB6560042A3DC /* LSCEncoding.swift */; };
		7CE28F6E212BB6560042A3DC /* LSCEncoding.swift in Sources */ = {isa = PBXBuildFile; fileRef = 7CE28F6C212BB6560042A3DC /* LSCEncoding.swift */; };
		7CE28F70212BB79B0042A3DC /* LSCPath.swift in Sources */ = {isa = PBXBuildFile; fileRef = 7CE28F6F212BB79B0042A3DC /* LSCPath.swift */; };
		7CE28F71212BB79B0042A3DC /* LSCPath.swift in Sources */ = {isa = PBXBuildFile; fileRef = 7CE28F6F212BB79B0042A3DC /* LSCPath.swift */; };
		7CE625121D93B3AA007533D7 /* dkjson.lua in Resources */ = {isa = PBXBuildFile; fileRef = 7CE6250F1D93B3AA007533D7 /* dkjson.lua */; };
		7CE625131D93B3AA007533D7 /* dkjson.lua in Resources */ = {isa = PBXBuildFile; fileRef = 7CE6250F1D93B3AA007533D7 /* dkjson.lua */; };
		7CE625141D93B3AA007533D7 /* main.lua in Resources */ = {isa = PBXBuildFile; fileRef = 7CE625101D93B3AA007533D7 /* main.lua */; };
		7CE625151D93B3AA007533D7 /* main.lua in Resources */ = {isa = PBXBuildFile; fileRef = 7CE625101D93B3AA007533D7 /* main.lua */; };
		7CE625161D93B3AA007533D7 /* todo.lua in Resources */ = {isa = PBXBuildFile; fileRef = 7CE625111D93B3AA007533D7 /* todo.lua */; };
		7CE625171D93B3AA007533D7 /* todo.lua in Resources */ = {isa = PBXBuildFile; fileRef = 7CE625111D93B3AA007533D7 /* todo.lua */; };
		7CE6251C1D93B3C8007533D7 /* LogModule.m in Sources */ = {isa = PBXBuildFile; fileRef = 7CE6251A1D93B3C8007533D7 /* LogModule.m */; };
		7CE6252B1D93B435007533D7 /* LSCTPerson.m in Sources */ = {isa = PBXBuildFile; fileRef = 7CE625291D93B435007533D7 /* LSCTPerson.m */; };
		7CFE0B501DF00E4200C41B89 /* dkjson.lua in Resources */ = {isa = PBXBuildFile; fileRef = 7CE6250F1D93B3AA007533D7 /* dkjson.lua */; };
		7CFE0B511DF00E4200C41B89 /* main.lua in Resources */ = {isa = PBXBuildFile; fileRef = 7CE625101D93B3AA007533D7 /* main.lua */; };
		7CFE0B521DF00E4200C41B89 /* todo.lua in Resources */ = {isa = PBXBuildFile; fileRef = 7CE625111D93B3AA007533D7 /* todo.lua */; };
		7CFE0B531DF00E4200C41B89 /* test.lua in Resources */ = {isa = PBXBuildFile; fileRef = 7C210E031DCB5FD3000838F9 /* test.lua */; };
/* End PBXBuildFile section */

/* Begin PBXContainerItemProxy section */
		7C88E89520240504000C15D5 /* PBXContainerItemProxy */ = {
			isa = PBXContainerItemProxy;
			containerPortal = 7C88E88720240504000C15D5 /* LuaScriptCore.xcodeproj */;
			proxyType = 2;
			remoteGlobalIDString = 7C8C2D511D38C0C0009345EB;
			remoteInfo = "LuaScriptCore-iOS";
		};
		7C88E89720240504000C15D5 /* PBXContainerItemProxy */ = {
			isa = PBXContainerItemProxy;
			containerPortal = 7C88E88720240504000C15D5 /* LuaScriptCore.xcodeproj */;
			proxyType = 2;
			remoteGlobalIDString = 7C651B5C1DD96CB8001C2552;
			remoteInfo = "LuaScriptCoreTests-iOS";
		};
		7C88E89920240504000C15D5 /* PBXContainerItemProxy */ = {
			isa = PBXContainerItemProxy;
			containerPortal = 7C88E88720240504000C15D5 /* LuaScriptCore.xcodeproj */;
			proxyType = 2;
			remoteGlobalIDString = 7C6B152E1D6B2B2500489D9E;
			remoteInfo = "LuaScriptCore-OSX";
		};
		7C88E89B20240504000C15D5 /* PBXContainerItemProxy */ = {
			isa = PBXContainerItemProxy;
			containerPortal = 7C88E88720240504000C15D5 /* LuaScriptCore.xcodeproj */;
			proxyType = 2;
			remoteGlobalIDString = 7C651B731DD983AF001C2552;
			remoteInfo = "LuaScriptCoreTests-OSX";
		};
		7C88E89D20240504000C15D5 /* PBXContainerItemProxy */ = {
			isa = PBXContainerItemProxy;
			containerPortal = 7C88E88720240504000C15D5 /* LuaScriptCore.xcodeproj */;
			proxyType = 2;
			remoteGlobalIDString = 7C238EDF1DEED2B8009CB024;
			remoteInfo = "LuaScriptCore-iOS-Swift";
		};
		7C88E89F20240504000C15D5 /* PBXContainerItemProxy */ = {
			isa = PBXContainerItemProxy;
			containerPortal = 7C88E88720240504000C15D5 /* LuaScriptCore.xcodeproj */;
			proxyType = 2;
			remoteGlobalIDString = 7C238EE71DEED2B8009CB024;
			remoteInfo = "LuaScriptCore-iOS-SwiftTests";
		};
		7C88E8A120240504000C15D5 /* PBXContainerItemProxy */ = {
			isa = PBXContainerItemProxy;
			containerPortal = 7C88E88720240504000C15D5 /* LuaScriptCore.xcodeproj */;
			proxyType = 2;
			remoteGlobalIDString = 7C177BA01DEFDD8D008C9DF1;
			remoteInfo = "LuaScriptCore-OSX-Swift";
		};
		7C88E8A320240511000C15D5 /* PBXContainerItemProxy */ = {
			isa = PBXContainerItemProxy;
			containerPortal = 7C88E88720240504000C15D5 /* LuaScriptCore.xcodeproj */;
			proxyType = 1;
			remoteGlobalIDString = 7C8C2D501D38C0C0009345EB;
			remoteInfo = "LuaScriptCore-iOS";
		};
		7C88E8A720240572000C15D5 /* PBXContainerItemProxy */ = {
			isa = PBXContainerItemProxy;
			containerPortal = 7C88E88720240504000C15D5 /* LuaScriptCore.xcodeproj */;
			proxyType = 1;
			remoteGlobalIDString = 7C6B152D1D6B2B2500489D9E;
			remoteInfo = "LuaScriptCore-OSX";
		};
		7C88E8AA20240620000C15D5 /* PBXContainerItemProxy */ = {
			isa = PBXContainerItemProxy;
			containerPortal = 7C88E88720240504000C15D5 /* LuaScriptCore.xcodeproj */;
			proxyType = 1;
			remoteGlobalIDString = 7C238EDE1DEED2B8009CB024;
			remoteInfo = "LuaScriptCore-iOS-Swift";
		};
		7C88E8AE20240649000C15D5 /* PBXContainerItemProxy */ = {
			isa = PBXContainerItemProxy;
			containerPortal = 7C88E88720240504000C15D5 /* LuaScriptCore.xcodeproj */;
			proxyType = 1;
			remoteGlobalIDString = 7C177B9F1DEFDD8D008C9DF1;
			remoteInfo = "LuaScriptCore-OSX-Swift";
		};
/* End PBXContainerItemProxy section */

/* Begin PBXCopyFilesBuildPhase section */
		7C7874971EA4AF4900FED498 /* Embed Frameworks */ = {
			isa = PBXCopyFilesBuildPhase;
			buildActionMask = 2147483647;
			dstPath = "";
			dstSubfolderSpec = 10;
			files = (
				7C88E8B120240654000C15D5 /* LuaScriptCore_OSX_Swift.framework in Embed Frameworks */,
			);
			name = "Embed Frameworks";
			runOnlyForDeploymentPostprocessing = 0;
		};
		7C78749A1EA4B03500FED498 /* Embed Frameworks */ = {
			isa = PBXCopyFilesBuildPhase;
			buildActionMask = 2147483647;
			dstPath = "";
			dstSubfolderSpec = 10;
			files = (
				7C88E8AD2024062D000C15D5 /* LuaScriptCore_iOS_Swift.framework in Embed Frameworks */,
			);
			name = "Embed Frameworks";
			runOnlyForDeploymentPostprocessing = 0;
		};
/* End PBXCopyFilesBuildPhase section */

/* Begin PBXFileReference section */
		7C177C0F1DEFEE73008C9DF1 /* Sample-OSX-Swift.app */ = {isa = PBXFileReference; explicitFileType = wrapper.application; includeInIndex = 0; path = "Sample-OSX-Swift.app"; sourceTree = BUILT_PRODUCTS_DIR; };
		7C177C111DEFEE73008C9DF1 /* AppDelegate.swift */ = {isa = PBXFileReference; lastKnownFileType = sourcecode.swift; path = AppDelegate.swift; sourceTree = "<group>"; };
		7C177C131DEFEE73008C9DF1 /* ViewController1.swift */ = {isa = PBXFileReference; lastKnownFileType = sourcecode.swift; name = ViewController1.swift; path = "Sample-OSX-Swift/ViewController1.swift"; sourceTree = SOURCE_ROOT; };
		7C177C151DEFEE73008C9DF1 /* Assets.xcassets */ = {isa = PBXFileReference; lastKnownFileType = folder.assetcatalog; path = Assets.xcassets; sourceTree = "<group>"; };
		7C177C181DEFEE73008C9DF1 /* Base */ = {isa = PBXFileReference; lastKnownFileType = file.storyboard; name = Base; path = Base.lproj/Main.storyboard; sourceTree = "<group>"; };
		7C177C1A1DEFEE73008C9DF1 /* Info.plist */ = {isa = PBXFileReference; lastKnownFileType = text.plist.xml; path = Info.plist; sourceTree = "<group>"; };
		7C210E031DCB5FD3000838F9 /* test.lua */ = {isa = PBXFileReference; fileEncoding = 4; lastKnownFileType = text; path = test.lua; sourceTree = "<group>"; };
		7C21ED021DEFBE9A00507DA2 /* Sample-iOS-Swift.app */ = {isa = PBXFileReference; explicitFileType = wrapper.application; includeInIndex = 0; path = "Sample-iOS-Swift.app"; sourceTree = BUILT_PRODUCTS_DIR; };
		7C21ED041DEFBE9A00507DA2 /* AppDelegate.swift */ = {isa = PBXFileReference; lastKnownFileType = sourcecode.swift; path = AppDelegate.swift; sourceTree = "<group>"; };
		7C21ED061DEFBE9A00507DA2 /* ViewController.swift */ = {isa = PBXFileReference; lastKnownFileType = sourcecode.swift; path = ViewController.swift; sourceTree = "<group>"; };
		7C21ED091DEFBE9A00507DA2 /* Base */ = {isa = PBXFileReference; lastKnownFileType = file.storyboard; name = Base; path = Base.lproj/Main.storyboard; sourceTree = "<group>"; };
		7C21ED0B1DEFBE9A00507DA2 /* Assets.xcassets */ = {isa = PBXFileReference; lastKnownFileType = folder.assetcatalog; path = Assets.xcassets; sourceTree = "<group>"; };
		7C21ED0E1DEFBE9A00507DA2 /* Base */ = {isa = PBXFileReference; lastKnownFileType = file.storyboard; name = Base; path = Base.lproj/LaunchScreen.storyboard; sourceTree = "<group>"; };
		7C21ED101DEFBE9A00507DA2 /* Info.plist */ = {isa = PBXFileReference; lastKnownFileType = text.plist.xml; path = Info.plist; sourceTree = "<group>"; };
		7C21ED371DEFCEFA00507DA2 /* LogModule.swift */ = {isa = PBXFileReference; fileEncoding = 4; lastKnownFileType = sourcecode.swift; path = LogModule.swift; sourceTree = "<group>"; };
		7C21ED3C1DEFD41200507DA2 /* LSCTPerson.swift */ = {isa = PBXFileReference; fileEncoding = 4; lastKnownFileType = sourcecode.swift; path = LSCTPerson.swift; sourceTree = "<group>"; };
		7C44C774212A68C8004D8D6F /* LSCHTTPTask.h */ = {isa = PBXFileReference; lastKnownFileType = sourcecode.c.h; path = LSCHTTPTask.h; sourceTree = "<group>"; };
		7C44C775212A68C8004D8D6F /* LSCHTTPTask.m */ = {isa = PBXFileReference; lastKnownFileType = sourcecode.c.objc; path = LSCHTTPTask.m; sourceTree = "<group>"; };
		7C44C77C212AA0F6004D8D6F /* LSCEncoding.h */ = {isa = PBXFileReference; lastKnownFileType = sourcecode.c.h; path = LSCEncoding.h; sourceTree = "<group>"; };
		7C44C77D212AA0F6004D8D6F /* LSCEncoding.m */ = {isa = PBXFileReference; lastKnownFileType = sourcecode.c.objc; path = LSCEncoding.m; sourceTree = "<group>"; };
		7C44C780212AA693004D8D6F /* LSCHTTPFile.h */ = {isa = PBXFileReference; lastKnownFileType = sourcecode.c.h; path = LSCHTTPFile.h; sourceTree = "<group>"; };
		7C44C781212AA693004D8D6F /* LSCHTTPFile.m */ = {isa = PBXFileReference; lastKnownFileType = sourcecode.c.objc; path = LSCHTTPFile.m; sourceTree = "<group>"; };
		7C44C787212AB472004D8D6F /* HTTP-Sample.lua */ = {isa = PBXFileReference; lastKnownFileType = text; path = "HTTP-Sample.lua"; sourceTree = "<group>"; };
		7C44C78A212AB873004D8D6F /* HttpModuleViewController.h */ = {isa = PBXFileReference; lastKnownFileType = sourcecode.c.h; path = HttpModuleViewController.h; sourceTree = "<group>"; };
		7C44C78B212AB873004D8D6F /* HttpModuleViewController.m */ = {isa = PBXFileReference; lastKnownFileType = sourcecode.c.objc; path = HttpModuleViewController.m; sourceTree = "<group>"; };
		7C49AE3F212BC5850031D627 /* ModuleListViewController.h */ = {isa = PBXFileReference; lastKnownFileType = sourcecode.c.h; path = ModuleListViewController.h; sourceTree = "<group>"; };
		7C49AE40212BC5850031D627 /* ModuleListViewController.m */ = {isa = PBXFileReference; lastKnownFileType = sourcecode.c.objc; path = ModuleListViewController.m; sourceTree = "<group>"; };
		7C49AE44212BC63B0031D627 /* ModuleListViewController.swift */ = {isa = PBXFileReference; lastKnownFileType = sourcecode.swift; path = ModuleListViewController.swift; sourceTree = "<group>"; };
		7C49AE47212BC75C0031D627 /* EncodingModuleViewController.swift */ = {isa = PBXFileReference; lastKnownFileType = sourcecode.swift; path = EncodingModuleViewController.swift; sourceTree = "<group>"; };
		7C49AE49212BC8F60031D627 /* PathModuleViewController.swift */ = {isa = PBXFileReference; lastKnownFileType = sourcecode.swift; path = PathModuleViewController.swift; sourceTree = "<group>"; };
		7C49AE4B212BCA150031D627 /* HttpModuleViewController.swift */ = {isa = PBXFileReference; lastKnownFileType = sourcecode.swift; path = HttpModuleViewController.swift; sourceTree = "<group>"; };
		7C49AE4D212BCA940031D627 /* LSCHTTPTask.swift */ = {isa = PBXFileReference; lastKnownFileType = sourcecode.swift; path = LSCHTTPTask.swift; sourceTree = "<group>"; };
		7C49AE50212BE5140031D627 /* LSCHTTPFile.swift */ = {isa = PBXFileReference; lastKnownFileType = sourcecode.swift; path = LSCHTTPFile.swift; sourceTree = "<group>"; };
		7C49AE53212C15310031D627 /* ModulesViewController.swift */ = {isa = PBXFileReference; lastKnownFileType = sourcecode.swift; path = ModulesViewController.swift; sourceTree = "<group>"; };
		7C5A617D1D6AE2A3007D4308 /* Sample-OSX.app */ = {isa = PBXFileReference; explicitFileType = wrapper.application; includeInIndex = 0; path = "Sample-OSX.app"; sourceTree = BUILT_PRODUCTS_DIR; };
		7C5A617F1D6AE2A3007D4308 /* AppDelegate.h */ = {isa = PBXFileReference; lastKnownFileType = sourcecode.c.h; path = AppDelegate.h; sourceTree = "<group>"; };
		7C5A61801D6AE2A3007D4308 /* AppDelegate.m */ = {isa = PBXFileReference; lastKnownFileType = sourcecode.c.objc; path = AppDelegate.m; sourceTree = "<group>"; };
		7C5A61831D6AE2A3007D4308 /* main.m */ = {isa = PBXFileReference; lastKnownFileType = sourcecode.c.objc; path = main.m; sourceTree = "<group>"; };
		7C5A61851D6AE2A3007D4308 /* ViewController.h */ = {isa = PBXFileReference; lastKnownFileType = sourcecode.c.h; path = ViewController.h; sourceTree = "<group>"; };
		7C5A61861D6AE2A3007D4308 /* ViewController.m */ = {isa = PBXFileReference; lastKnownFileType = sourcecode.c.objc; path = ViewController.m; sourceTree = "<group>"; };
		7C5A61881D6AE2A3007D4308 /* Assets.xcassets */ = {isa = PBXFileReference; lastKnownFileType = folder.assetcatalog; path = Assets.xcassets; sourceTree = "<group>"; };
		7C5A618B1D6AE2A3007D4308 /* Base */ = {isa = PBXFileReference; lastKnownFileType = file.storyboard; name = Base; path = Base.lproj/Main.storyboard; sourceTree = "<group>"; };
		7C5A618D1D6AE2A3007D4308 /* Info.plist */ = {isa = PBXFileReference; lastKnownFileType = text.plist.xml; path = Info.plist; sourceTree = "<group>"; };
		7C6B12731D6AFD1400489D9E /* AppDelegate.h */ = {isa = PBXFileReference; fileEncoding = 4; lastKnownFileType = sourcecode.c.h; path = AppDelegate.h; sourceTree = "<group>"; };
		7C6B12741D6AFD1400489D9E /* AppDelegate.m */ = {isa = PBXFileReference; fileEncoding = 4; lastKnownFileType = sourcecode.c.objc; path = AppDelegate.m; sourceTree = "<group>"; };
		7C6B12751D6AFD1400489D9E /* Assets.xcassets */ = {isa = PBXFileReference; lastKnownFileType = folder.assetcatalog; path = Assets.xcassets; sourceTree = "<group>"; };
		7C6B12771D6AFD1400489D9E /* Base */ = {isa = PBXFileReference; lastKnownFileType = file.storyboard; name = Base; path = Base.lproj/LaunchScreen.storyboard; sourceTree = "<group>"; };
		7C6B12791D6AFD1400489D9E /* Base */ = {isa = PBXFileReference; lastKnownFileType = file.storyboard; name = Base; path = Base.lproj/Main.storyboard; sourceTree = "<group>"; };
		7C6B127A1D6AFD1400489D9E /* Info.plist */ = {isa = PBXFileReference; fileEncoding = 4; lastKnownFileType = text.plist.xml; path = Info.plist; sourceTree = "<group>"; };
		7C6B127B1D6AFD1400489D9E /* main.m */ = {isa = PBXFileReference; fileEncoding = 4; lastKnownFileType = sourcecode.c.objc; path = main.m; sourceTree = "<group>"; };
		7C6B127C1D6AFD1400489D9E /* ViewController.h */ = {isa = PBXFileReference; fileEncoding = 4; lastKnownFileType = sourcecode.c.h; path = ViewController.h; sourceTree = "<group>"; };
		7C6B127D1D6AFD1400489D9E /* ViewController.m */ = {isa = PBXFileReference; fileEncoding = 4; lastKnownFileType = sourcecode.c.objc; path = ViewController.m; sourceTree = "<group>"; };
		7C78749C1EA4BE0E00FED498 /* LSCTNativeData.swift */ = {isa = PBXFileReference; fileEncoding = 4; lastKnownFileType = sourcecode.swift; path = LSCTNativeData.swift; sourceTree = "<group>"; };
		7C88E88720240504000C15D5 /* LuaScriptCore.xcodeproj */ = {isa = PBXFileReference; lastKnownFileType = "wrapper.pb-project"; name = LuaScriptCore.xcodeproj; path = ../../Source/iOS_OSX/LuaScriptCore.xcodeproj; sourceTree = "<group>"; };
		7C8C2DE01D38C345009345EB /* Sample-iOS.app */ = {isa = PBXFileReference; explicitFileType = wrapper.application; includeInIndex = 0; path = "Sample-iOS.app"; sourceTree = BUILT_PRODUCTS_DIR; };
		7CA46E591DEFFE3C0014253A /* LogModule.swift */ = {isa = PBXFileReference; fileEncoding = 4; lastKnownFileType = sourcecode.swift; path = LogModule.swift; sourceTree = "<group>"; };
		7CA46E5B1DEFFE820014253A /* LSCTPerson.swift */ = {isa = PBXFileReference; fileEncoding = 4; lastKnownFileType = sourcecode.swift; path = LSCTPerson.swift; sourceTree = "<group>"; };
		7CCA26391EA45634007F20A9 /* LSCTNativeData.h */ = {isa = PBXFileReference; fileEncoding = 4; lastKnownFileType = sourcecode.c.h; path = LSCTNativeData.h; sourceTree = "<group>"; };
		7CCA263A1EA45634007F20A9 /* LSCTNativeData.m */ = {isa = PBXFileReference; fileEncoding = 4; lastKnownFileType = sourcecode.c.objc; path = LSCTNativeData.m; sourceTree = "<group>"; };
		7CCA263D1EA4754E007F20A9 /* LSCTNativeData.swift */ = {isa = PBXFileReference; fileEncoding = 4; lastKnownFileType = sourcecode.swift; path = LSCTNativeData.swift; sourceTree = "<group>"; };
		7CCF8366211BF91800BF7723 /* hello.lua */ = {isa = PBXFileReference; fileEncoding = 4; lastKnownFileType = text; path = hello.lua; sourceTree = "<group>"; };
		7CD374C521378979007C55ED /* Foundation.lua */ = {isa = PBXFileReference; fileEncoding = 4; lastKnownFileType = text; path = Foundation.lua; sourceTree = "<group>"; };
		7CD374CB21378988007C55ED /* HTTP.lua */ = {isa = PBXFileReference; fileEncoding = 4; lastKnownFileType = text; path = HTTP.lua; sourceTree = "<group>"; };
		7CD374D021378AE1007C55ED /* timg.jpeg */ = {isa = PBXFileReference; lastKnownFileType = image.jpeg; name = timg.jpeg; path = ../Sample/timg.jpeg; sourceTree = "<group>"; };
		7CE28F42212B9F7B0042A3DC /* LSCPath.h */ = {isa = PBXFileReference; lastKnownFileType = sourcecode.c.h; path = LSCPath.h; sourceTree = "<group>"; };
		7CE28F43212B9F7B0042A3DC /* LSCPath.m */ = {isa = PBXFileReference; lastKnownFileType = sourcecode.c.objc; path = LSCPath.m; sourceTree = "<group>"; };
		7CE28F47212BA1770042A3DC /* Encoding-Sample.lua */ = {isa = PBXFileReference; lastKnownFileType = text; path = "Encoding-Sample.lua"; sourceTree = "<group>"; };
		7CE28F4C212BA1880042A3DC /* Path-Sample.lua */ = {isa = PBXFileReference; lastKnownFileType = text; path = "Path-Sample.lua"; sourceTree = "<group>"; };
		7CE28F5A212BA39D0042A3DC /* EncodingModuleViewController.h */ = {isa = PBXFileReference; lastKnownFileType = sourcecode.c.h; path = EncodingModuleViewController.h; sourceTree = "<group>"; };
		7CE28F5B212BA39D0042A3DC /* EncodingModuleViewController.m */ = {isa = PBXFileReference; lastKnownFileType = sourcecode.c.objc; path = EncodingModuleViewController.m; sourceTree = "<group>"; };
		7CE28F5F212BA81C0042A3DC /* PathModuleViewController.h */ = {isa = PBXFileReference; lastKnownFileType = sourcecode.c.h; path = PathModuleViewController.h; sourceTree = "<group>"; };
		7CE28F60212BA81C0042A3DC /* PathModuleViewController.m */ = {isa = PBXFileReference; lastKnownFileType = sourcecode.c.objc; path = PathModuleViewController.m; sourceTree = "<group>"; };
		7CE28F69212BAE210042A3DC /* ModulesViewController.h */ = {isa = PBXFileReference; lastKnownFileType = sourcecode.c.h; path = ModulesViewController.h; sourceTree = "<group>"; };
		7CE28F6A212BAE210042A3DC /* ModulesViewController.m */ = {isa = PBXFileReference; lastKnownFileType = sourcecode.c.objc; path = ModulesViewController.m; sourceTree = "<group>"; };
		7CE28F6C212BB6560042A3DC /* LSCEncoding.swift */ = {isa = PBXFileReference; lastKnownFileType = sourcecode.swift; path = LSCEncoding.swift; sourceTree = "<group>"; };
		7CE28F6F212BB79B0042A3DC /* LSCPath.swift */ = {isa = PBXFileReference; lastKnownFileType = sourcecode.swift; path = LSCPath.swift; sourceTree = "<group>"; };
		7CE6250F1D93B3AA007533D7 /* dkjson.lua */ = {isa = PBXFileReference; fileEncoding = 4; lastKnownFileType = text; path = dkjson.lua; sourceTree = "<group>"; };
		7CE625101D93B3AA007533D7 /* main.lua */ = {isa = PBXFileReference; fileEncoding = 4; lastKnownFileType = text; path = main.lua; sourceTree = "<group>"; };
		7CE625111D93B3AA007533D7 /* todo.lua */ = {isa = PBXFileReference; fileEncoding = 4; lastKnownFileType = text; path = todo.lua; sourceTree = "<group>"; };
		7CE625191D93B3C8007533D7 /* LogModule.h */ = {isa = PBXFileReference; fileEncoding = 4; lastKnownFileType = sourcecode.c.h; path = LogModule.h; sourceTree = "<group>"; };
		7CE6251A1D93B3C8007533D7 /* LogModule.m */ = {isa = PBXFileReference; fileEncoding = 4; lastKnownFileType = sourcecode.c.objc; path = LogModule.m; sourceTree = "<group>"; };
		7CE625281D93B435007533D7 /* LSCTPerson.h */ = {isa = PBXFileReference; fileEncoding = 4; lastKnownFileType = sourcecode.c.h; path = LSCTPerson.h; sourceTree = "<group>"; };
		7CE625291D93B435007533D7 /* LSCTPerson.m */ = {isa = PBXFileReference; fileEncoding = 4; lastKnownFileType = sourcecode.c.objc; path = LSCTPerson.m; sourceTree = "<group>"; };
/* End PBXFileReference section */

/* Begin PBXFrameworksBuildPhase section */
		7C177C0C1DEFEE73008C9DF1 /* Frameworks */ = {
			isa = PBXFrameworksBuildPhase;
			buildActionMask = 2147483647;
			files = (
				7C88E8B02024064E000C15D5 /* LuaScriptCore_OSX_Swift.framework in Frameworks */,
			);
			runOnlyForDeploymentPostprocessing = 0;
		};
		7C21ECFF1DEFBE9A00507DA2 /* Frameworks */ = {
			isa = PBXFrameworksBuildPhase;
			buildActionMask = 2147483647;
			files = (
				7C88E8AC20240625000C15D5 /* LuaScriptCore_iOS_Swift.framework in Frameworks */,
			);
			runOnlyForDeploymentPostprocessing = 0;
		};
		7C5A617A1D6AE2A3007D4308 /* Frameworks */ = {
			isa = PBXFrameworksBuildPhase;
			buildActionMask = 2147483647;
			files = (
				7C88E8A920240578000C15D5 /* libLuaScriptCore-OSX.a in Frameworks */,
			);
			runOnlyForDeploymentPostprocessing = 0;
		};
		7C8C2DDD1D38C345009345EB /* Frameworks */ = {
			isa = PBXFrameworksBuildPhase;
			buildActionMask = 2147483647;
			files = (
				7C88E8A620240516000C15D5 /* libLuaScriptCore-iOS.a in Frameworks */,
			);
			runOnlyForDeploymentPostprocessing = 0;
		};
/* End PBXFrameworksBuildPhase section */

/* Begin PBXGroup section */
		7C177C101DEFEE73008C9DF1 /* Sample-OSX-Swift */ = {
			isa = PBXGroup;
			children = (
				7C177C111DEFEE73008C9DF1 /* AppDelegate.swift */,
				7C177C131DEFEE73008C9DF1 /* ViewController1.swift */,
				7C177C151DEFEE73008C9DF1 /* Assets.xcassets */,
				7C177C171DEFEE73008C9DF1 /* Main.storyboard */,
				7C177C1A1DEFEE73008C9DF1 /* Info.plist */,
				7CA46E591DEFFE3C0014253A /* LogModule.swift */,
				7CA46E5B1DEFFE820014253A /* LSCTPerson.swift */,
				7C78749C1EA4BE0E00FED498 /* LSCTNativeData.swift */,
				7C49AE53212C15310031D627 /* ModulesViewController.swift */,
			);
			path = "Sample-OSX-Swift";
			sourceTree = "<group>";
		};
		7C21ED031DEFBE9A00507DA2 /* Sample-iOS-Swift */ = {
			isa = PBXGroup;
			children = (
				7C49AE46212BC7440031D627 /* ModuleViewControllers */,
				7C21ED041DEFBE9A00507DA2 /* AppDelegate.swift */,
				7C21ED061DEFBE9A00507DA2 /* ViewController.swift */,
				7C21ED371DEFCEFA00507DA2 /* LogModule.swift */,
				7C21ED3C1DEFD41200507DA2 /* LSCTPerson.swift */,
				7CCA263D1EA4754E007F20A9 /* LSCTNativeData.swift */,
				7C21ED081DEFBE9A00507DA2 /* Main.storyboard */,
				7C21ED0B1DEFBE9A00507DA2 /* Assets.xcassets */,
				7C21ED0D1DEFBE9A00507DA2 /* LaunchScreen.storyboard */,
				7C21ED101DEFBE9A00507DA2 /* Info.plist */,
				7C49AE44212BC63B0031D627 /* ModuleListViewController.swift */,
			);
			path = "Sample-iOS-Swift";
			sourceTree = "<group>";
		};
		7C44C761212A4DAE004D8D6F /* Modules */ = {
			isa = PBXGroup;
			children = (
				7C8472DF217F098200D235F3 /* UI */,
				7C44C778212AA090004D8D6F /* Foundation */,
				7C44C762212A4DAE004D8D6F /* Network */,
			);
			name = Modules;
			path = ../../Modules;
			sourceTree = "<group>";
		};
		7C44C762212A4DAE004D8D6F /* Network */ = {
			isa = PBXGroup;
			children = (
				7CD374CA21378988007C55ED /* Lua */,
				7C44C763212A4DAE004D8D6F /* iOS */,
				7CE28F3A212B9D790042A3DC /* Sample */,
			);
			path = Network;
			sourceTree = "<group>";
		};
		7C44C763212A4DAE004D8D6F /* iOS */ = {
			isa = PBXGroup;
			children = (
				7C44C764212A4DAE004D8D6F /* OC */,
				7C44C765212A4DAE004D8D6F /* Swift */,
			);
			path = iOS;
			sourceTree = "<group>";
		};
		7C44C764212A4DAE004D8D6F /* OC */ = {
			isa = PBXGroup;
			children = (
				7C44C774212A68C8004D8D6F /* LSCHTTPTask.h */,
				7C44C775212A68C8004D8D6F /* LSCHTTPTask.m */,
				7C44C780212AA693004D8D6F /* LSCHTTPFile.h */,
				7C44C781212AA693004D8D6F /* LSCHTTPFile.m */,
			);
			path = OC;
			sourceTree = "<group>";
		};
		7C44C765212A4DAE004D8D6F /* Swift */ = {
			isa = PBXGroup;
			children = (
				7C49AE4D212BCA940031D627 /* LSCHTTPTask.swift */,
				7C49AE50212BE5140031D627 /* LSCHTTPFile.swift */,
			);
			path = Swift;
			sourceTree = "<group>";
		};
		7C44C778212AA090004D8D6F /* Foundation */ = {
			isa = PBXGroup;
			children = (
				7CD374C421378979007C55ED /* Lua */,
				7CE28F46212BA1590042A3DC /* Sample */,
				7C44C779212AA099004D8D6F /* iOS */,
			);
			path = Foundation;
			sourceTree = "<group>";
		};
		7C44C779212AA099004D8D6F /* iOS */ = {
			isa = PBXGroup;
			children = (
				7C44C77B212AA0A7004D8D6F /* Swift */,
				7C44C77A212AA09F004D8D6F /* OC */,
			);
			path = iOS;
			sourceTree = "<group>";
		};
		7C44C77A212AA09F004D8D6F /* OC */ = {
			isa = PBXGroup;
			children = (
				7C44C77C212AA0F6004D8D6F /* LSCEncoding.h */,
				7C44C77D212AA0F6004D8D6F /* LSCEncoding.m */,
				7CE28F42212B9F7B0042A3DC /* LSCPath.h */,
				7CE28F43212B9F7B0042A3DC /* LSCPath.m */,
			);
			path = OC;
			sourceTree = "<group>";
		};
		7C44C77B212AA0A7004D8D6F /* Swift */ = {
			isa = PBXGroup;
			children = (
				7CE28F6C212BB6560042A3DC /* LSCEncoding.swift */,
				7CE28F6F212BB79B0042A3DC /* LSCPath.swift */,
			);
			path = Swift;
			sourceTree = "<group>";
		};
		7C49AE46212BC7440031D627 /* ModuleViewControllers */ = {
			isa = PBXGroup;
			children = (
				7C49AE47212BC75C0031D627 /* EncodingModuleViewController.swift */,
				7C49AE49212BC8F60031D627 /* PathModuleViewController.swift */,
				7C49AE4B212BCA150031D627 /* HttpModuleViewController.swift */,
			);
			path = ModuleViewControllers;
			sourceTree = "<group>";
		};
		7C5A617E1D6AE2A3007D4308 /* Sample-OSX */ = {
			isa = PBXGroup;
			children = (
				7C5A617F1D6AE2A3007D4308 /* AppDelegate.h */,
				7C5A61801D6AE2A3007D4308 /* AppDelegate.m */,
				7C5A61851D6AE2A3007D4308 /* ViewController.h */,
				7C5A61861D6AE2A3007D4308 /* ViewController.m */,
				7C5A61881D6AE2A3007D4308 /* Assets.xcassets */,
				7C5A618A1D6AE2A3007D4308 /* Main.storyboard */,
				7C5A618D1D6AE2A3007D4308 /* Info.plist */,
				7C5A61821D6AE2A3007D4308 /* Supporting Files */,
				7CE28F69212BAE210042A3DC /* ModulesViewController.h */,
				7CE28F6A212BAE210042A3DC /* ModulesViewController.m */,
			);
			path = "Sample-OSX";
			sourceTree = "<group>";
		};
		7C5A61821D6AE2A3007D4308 /* Supporting Files */ = {
			isa = PBXGroup;
			children = (
				7C5A61831D6AE2A3007D4308 /* main.m */,
			);
			name = "Supporting Files";
			sourceTree = "<group>";
		};
		7C6B12721D6AFD1400489D9E /* Sample-iOS */ = {
			isa = PBXGroup;
			children = (
				7CE28F5E212BA8010042A3DC /* ModuleViewControllers */,
				7C6B12731D6AFD1400489D9E /* AppDelegate.h */,
				7C6B12741D6AFD1400489D9E /* AppDelegate.m */,
				7C6B12751D6AFD1400489D9E /* Assets.xcassets */,
				7C6B12761D6AFD1400489D9E /* LaunchScreen.storyboard */,
				7C6B12781D6AFD1400489D9E /* Main.storyboard */,
				7C6B127A1D6AFD1400489D9E /* Info.plist */,
				7C6B127B1D6AFD1400489D9E /* main.m */,
				7C6B127C1D6AFD1400489D9E /* ViewController.h */,
				7C6B127D1D6AFD1400489D9E /* ViewController.m */,
				7C49AE3F212BC5850031D627 /* ModuleListViewController.h */,
				7C49AE40212BC5850031D627 /* ModuleListViewController.m */,
			);
			path = "Sample-iOS";
			sourceTree = "<group>";
		};
		7C8472DF217F098200D235F3 /* UI */ = {
			isa = PBXGroup;
			children = (
				7C8472E0217F098200D235F3 /* iOS */,
				7C8472E1217F098200D235F3 /* Lua */,
				7C8472E3217F098200D235F3 /* Sample */,
			);
			path = UI;
			sourceTree = "<group>";
		};
		7C8472E0217F098200D235F3 /* iOS */ = {
			isa = PBXGroup;
			children = (
				7C8472EC217F099300D235F3 /* Swift */,
				7C8472EB217F098F00D235F3 /* OC */,
			);
			path = iOS;
			sourceTree = "<group>";
		};
		7C8472E1217F098200D235F3 /* Lua */ = {
			isa = PBXGroup;
			children = (
			);
			path = Lua;
			sourceTree = "<group>";
		};
		7C8472E3217F098200D235F3 /* Sample */ = {
			isa = PBXGroup;
			children = (
			);
			path = Sample;
			sourceTree = "<group>";
		};
		7C8472EB217F098F00D235F3 /* OC */ = {
			isa = PBXGroup;
			children = (
			);
			path = OC;
			sourceTree = "<group>";
		};
		7C8472EC217F099300D235F3 /* Swift */ = {
			isa = PBXGroup;
			children = (
			);
			path = Swift;
			sourceTree = "<group>";
		};
		7C88E88820240504000C15D5 /* Products */ = {
			isa = PBXGroup;
			children = (
				7C88E89620240504000C15D5 /* libLuaScriptCore-iOS.a */,
				7C88E89820240504000C15D5 /* LuaScriptCoreTests-iOS.xctest */,
				7C88E89A20240504000C15D5 /* libLuaScriptCore-OSX.a */,
				7C88E89C20240504000C15D5 /* LuaScriptCoreTests-OSX.xctest */,
				7C88E89E20240504000C15D5 /* LuaScriptCore_iOS_Swift.framework */,
				7C88E8A020240504000C15D5 /* LuaScriptCore-iOS-SwiftTests.xctest */,
				7C88E8A220240504000C15D5 /* LuaScriptCore_OSX_Swift.framework */,
			);
			name = Products;
			sourceTree = "<group>";
		};
		7C88E8A520240516000C15D5 /* Frameworks */ = {
			isa = PBXGroup;
			children = (
			);
			name = Frameworks;
			sourceTree = "<group>";
		};
		7C8C2DD71D38C345009345EB = {
			isa = PBXGroup;
			children = (
				7C88E88720240504000C15D5 /* LuaScriptCore.xcodeproj */,
				7C44C761212A4DAE004D8D6F /* Modules */,
				7CE625181D93B3C8007533D7 /* Common */,
				7CE6250E1D93B3AA007533D7 /* LuaScript */,
				7C6B12721D6AFD1400489D9E /* Sample-iOS */,
				7C5A617E1D6AE2A3007D4308 /* Sample-OSX */,
				7C21ED031DEFBE9A00507DA2 /* Sample-iOS-Swift */,
				7C177C101DEFEE73008C9DF1 /* Sample-OSX-Swift */,
				7C8C2DE11D38C345009345EB /* Products */,
				7C88E8A520240516000C15D5 /* Frameworks */,
			);
			sourceTree = "<group>";
		};
		7C8C2DE11D38C345009345EB /* Products */ = {
			isa = PBXGroup;
			children = (
				7C8C2DE01D38C345009345EB /* Sample-iOS.app */,
				7C5A617D1D6AE2A3007D4308 /* Sample-OSX.app */,
				7C21ED021DEFBE9A00507DA2 /* Sample-iOS-Swift.app */,
				7C177C0F1DEFEE73008C9DF1 /* Sample-OSX-Swift.app */,
			);
			name = Products;
			sourceTree = "<group>";
		};
		7CD374C421378979007C55ED /* Lua */ = {
			isa = PBXGroup;
			children = (
				7CD374C521378979007C55ED /* Foundation.lua */,
			);
			path = Lua;
			sourceTree = "<group>";
		};
		7CD374CA21378988007C55ED /* Lua */ = {
			isa = PBXGroup;
			children = (
				7CD374D021378AE1007C55ED /* timg.jpeg */,
				7CD374CB21378988007C55ED /* HTTP.lua */,
			);
			path = Lua;
			sourceTree = "<group>";
		};
		7CE28F3A212B9D790042A3DC /* Sample */ = {
			isa = PBXGroup;
			children = (
				7C44C787212AB472004D8D6F /* HTTP-Sample.lua */,
			);
			path = Sample;
			sourceTree = "<group>";
		};
		7CE28F46212BA1590042A3DC /* Sample */ = {
			isa = PBXGroup;
			children = (
				7CE28F47212BA1770042A3DC /* Encoding-Sample.lua */,
				7CE28F4C212BA1880042A3DC /* Path-Sample.lua */,
			);
			path = Sample;
			sourceTree = "<group>";
		};
		7CE28F5E212BA8010042A3DC /* ModuleViewControllers */ = {
			isa = PBXGroup;
			children = (
				7C44C78A212AB873004D8D6F /* HttpModuleViewController.h */,
				7C44C78B212AB873004D8D6F /* HttpModuleViewController.m */,
				7CE28F5A212BA39D0042A3DC /* EncodingModuleViewController.h */,
				7CE28F5B212BA39D0042A3DC /* EncodingModuleViewController.m */,
				7CE28F5F212BA81C0042A3DC /* PathModuleViewController.h */,
				7CE28F60212BA81C0042A3DC /* PathModuleViewController.m */,
			);
			path = ModuleViewControllers;
			sourceTree = "<group>";
		};
		7CE6250E1D93B3AA007533D7 /* LuaScript */ = {
			isa = PBXGroup;
			children = (
				7CCF8366211BF91800BF7723 /* hello.lua */,
				7CE6250F1D93B3AA007533D7 /* dkjson.lua */,
				7CE625101D93B3AA007533D7 /* main.lua */,
				7CE625111D93B3AA007533D7 /* todo.lua */,
				7C210E031DCB5FD3000838F9 /* test.lua */,
			);
			path = LuaScript;
			sourceTree = "<group>";
		};
		7CE625181D93B3C8007533D7 /* Common */ = {
			isa = PBXGroup;
			children = (
				7CE625191D93B3C8007533D7 /* LogModule.h */,
				7CE6251A1D93B3C8007533D7 /* LogModule.m */,
				7CE625281D93B435007533D7 /* LSCTPerson.h */,
				7CE625291D93B435007533D7 /* LSCTPerson.m */,
				7CCA26391EA45634007F20A9 /* LSCTNativeData.h */,
				7CCA263A1EA45634007F20A9 /* LSCTNativeData.m */,
			);
			path = Common;
			sourceTree = "<group>";
		};
/* End PBXGroup section */

/* Begin PBXNativeTarget section */
		7C177C0E1DEFEE73008C9DF1 /* Sample-OSX-Swift */ = {
			isa = PBXNativeTarget;
			buildConfigurationList = 7C177C1B1DEFEE73008C9DF1 /* Build configuration list for PBXNativeTarget "Sample-OSX-Swift" */;
			buildPhases = (
				7C177C0B1DEFEE73008C9DF1 /* Sources */,
				7C177C0C1DEFEE73008C9DF1 /* Frameworks */,
				7C177C0D1DEFEE73008C9DF1 /* Resources */,
				7C7874971EA4AF4900FED498 /* Embed Frameworks */,
			);
			buildRules = (
			);
			dependencies = (
				7C88E8AF20240649000C15D5 /* PBXTargetDependency */,
			);
			name = "Sample-OSX-Swift";
			productName = "Sample-OSX-Swift";
			productReference = 7C177C0F1DEFEE73008C9DF1 /* Sample-OSX-Swift.app */;
			productType = "com.apple.product-type.application";
		};
		7C21ED011DEFBE9A00507DA2 /* Sample-iOS-Swift */ = {
			isa = PBXNativeTarget;
			buildConfigurationList = 7C21ED131DEFBE9A00507DA2 /* Build configuration list for PBXNativeTarget "Sample-iOS-Swift" */;
			buildPhases = (
				7C21ECFE1DEFBE9A00507DA2 /* Sources */,
				7C21ECFF1DEFBE9A00507DA2 /* Frameworks */,
				7C21ED001DEFBE9A00507DA2 /* Resources */,
				7C78749A1EA4B03500FED498 /* Embed Frameworks */,
			);
			buildRules = (
			);
			dependencies = (
				7C88E8AB20240620000C15D5 /* PBXTargetDependency */,
			);
			name = "Sample-iOS-Swift";
			productName = "Sample-iOS-Swift";
			productReference = 7C21ED021DEFBE9A00507DA2 /* Sample-iOS-Swift.app */;
			productType = "com.apple.product-type.application";
		};
		7C5A617C1D6AE2A3007D4308 /* Sample-OSX */ = {
			isa = PBXNativeTarget;
			buildConfigurationList = 7C5A61901D6AE2A3007D4308 /* Build configuration list for PBXNativeTarget "Sample-OSX" */;
			buildPhases = (
				7C5A61791D6AE2A3007D4308 /* Sources */,
				7C5A617A1D6AE2A3007D4308 /* Frameworks */,
				7C5A617B1D6AE2A3007D4308 /* Resources */,
			);
			buildRules = (
			);
			dependencies = (
				7C88E8A820240572000C15D5 /* PBXTargetDependency */,
			);
			name = "Sample-OSX";
			productName = "Sample-OSX";
			productReference = 7C5A617D1D6AE2A3007D4308 /* Sample-OSX.app */;
			productType = "com.apple.product-type.application";
		};
		7C8C2DDF1D38C345009345EB /* Sample-iOS */ = {
			isa = PBXNativeTarget;
			buildConfigurationList = 7C8C2DF71D38C345009345EB /* Build configuration list for PBXNativeTarget "Sample-iOS" */;
			buildPhases = (
				7C8C2DDC1D38C345009345EB /* Sources */,
				7C8C2DDD1D38C345009345EB /* Frameworks */,
				7C8C2DDE1D38C345009345EB /* Resources */,
			);
			buildRules = (
			);
			dependencies = (
				7C88E8A420240511000C15D5 /* PBXTargetDependency */,
			);
			name = "Sample-iOS";
			productName = Sample;
			productReference = 7C8C2DE01D38C345009345EB /* Sample-iOS.app */;
			productType = "com.apple.product-type.application";
		};
/* End PBXNativeTarget section */

/* Begin PBXProject section */
		7C8C2DD81D38C345009345EB /* Project object */ = {
			isa = PBXProject;
			attributes = {
				LastSwiftUpdateCheck = 0810;
				LastUpgradeCheck = 0830;
				ORGANIZATIONNAME = vimfung;
				TargetAttributes = {
					7C177C0E1DEFEE73008C9DF1 = {
						CreatedOnToolsVersion = 8.1;
						ProvisioningStyle = Automatic;
					};
					7C21ED011DEFBE9A00507DA2 = {
						CreatedOnToolsVersion = 8.1;
						ProvisioningStyle = Automatic;
					};
					7C5A617C1D6AE2A3007D4308 = {
						CreatedOnToolsVersion = 7.3;
					};
					7C8C2DDF1D38C345009345EB = {
						CreatedOnToolsVersion = 7.3;
						DevelopmentTeam = S9MSR7Z644;
					};
				};
			};
			buildConfigurationList = 7C8C2DDB1D38C345009345EB /* Build configuration list for PBXProject "Sample" */;
			compatibilityVersion = "Xcode 3.2";
			developmentRegion = English;
			hasScannedForEncodings = 0;
			knownRegions = (
				en,
				Base,
			);
			mainGroup = 7C8C2DD71D38C345009345EB;
			productRefGroup = 7C8C2DE11D38C345009345EB /* Products */;
			projectDirPath = "";
			projectReferences = (
				{
					ProductGroup = 7C88E88820240504000C15D5 /* Products */;
					ProjectRef = 7C88E88720240504000C15D5 /* LuaScriptCore.xcodeproj */;
				},
			);
			projectRoot = "";
			targets = (
				7C8C2DDF1D38C345009345EB /* Sample-iOS */,
				7C5A617C1D6AE2A3007D4308 /* Sample-OSX */,
				7C21ED011DEFBE9A00507DA2 /* Sample-iOS-Swift */,
				7C177C0E1DEFEE73008C9DF1 /* Sample-OSX-Swift */,
			);
		};
/* End PBXProject section */

/* Begin PBXReferenceProxy section */
		7C88E89620240504000C15D5 /* libLuaScriptCore-iOS.a */ = {
			isa = PBXReferenceProxy;
			fileType = archive.ar;
			path = "libLuaScriptCore-iOS.a";
			remoteRef = 7C88E89520240504000C15D5 /* PBXContainerItemProxy */;
			sourceTree = BUILT_PRODUCTS_DIR;
		};
		7C88E89820240504000C15D5 /* LuaScriptCoreTests-iOS.xctest */ = {
			isa = PBXReferenceProxy;
			fileType = wrapper.cfbundle;
			path = "LuaScriptCoreTests-iOS.xctest";
			remoteRef = 7C88E89720240504000C15D5 /* PBXContainerItemProxy */;
			sourceTree = BUILT_PRODUCTS_DIR;
		};
		7C88E89A20240504000C15D5 /* libLuaScriptCore-OSX.a */ = {
			isa = PBXReferenceProxy;
			fileType = archive.ar;
			path = "libLuaScriptCore-OSX.a";
			remoteRef = 7C88E89920240504000C15D5 /* PBXContainerItemProxy */;
			sourceTree = BUILT_PRODUCTS_DIR;
		};
		7C88E89C20240504000C15D5 /* LuaScriptCoreTests-OSX.xctest */ = {
			isa = PBXReferenceProxy;
			fileType = wrapper.cfbundle;
			path = "LuaScriptCoreTests-OSX.xctest";
			remoteRef = 7C88E89B20240504000C15D5 /* PBXContainerItemProxy */;
			sourceTree = BUILT_PRODUCTS_DIR;
		};
		7C88E89E20240504000C15D5 /* LuaScriptCore_iOS_Swift.framework */ = {
			isa = PBXReferenceProxy;
			fileType = wrapper.framework;
			path = LuaScriptCore_iOS_Swift.framework;
			remoteRef = 7C88E89D20240504000C15D5 /* PBXContainerItemProxy */;
			sourceTree = BUILT_PRODUCTS_DIR;
		};
		7C88E8A020240504000C15D5 /* LuaScriptCore-iOS-SwiftTests.xctest */ = {
			isa = PBXReferenceProxy;
			fileType = wrapper.cfbundle;
			path = "LuaScriptCore-iOS-SwiftTests.xctest";
			remoteRef = 7C88E89F20240504000C15D5 /* PBXContainerItemProxy */;
			sourceTree = BUILT_PRODUCTS_DIR;
		};
		7C88E8A220240504000C15D5 /* LuaScriptCore_OSX_Swift.framework */ = {
			isa = PBXReferenceProxy;
			fileType = wrapper.framework;
			path = LuaScriptCore_OSX_Swift.framework;
			remoteRef = 7C88E8A120240504000C15D5 /* PBXContainerItemProxy */;
			sourceTree = BUILT_PRODUCTS_DIR;
		};
/* End PBXReferenceProxy section */

/* Begin PBXResourcesBuildPhase section */
		7C177C0D1DEFEE73008C9DF1 /* Resources */ = {
			isa = PBXResourcesBuildPhase;
			buildActionMask = 2147483647;
			files = (
				7CFE0B501DF00E4200C41B89 /* dkjson.lua in Resources */,
				7CD374C921378979007C55ED /* Foundation.lua in Resources */,
				7CD374D421378AE1007C55ED /* timg.jpeg in Resources */,
				7CE28F52212BA18C0042A3DC /* HTTP-Sample.lua in Resources */,
				7CE28F4B212BA1770042A3DC /* Encoding-Sample.lua in Resources */,
				7CFE0B511DF00E4200C41B89 /* main.lua in Resources */,
				7CE28F50212BA1880042A3DC /* Path-Sample.lua in Resources */,
				7CFE0B521DF00E4200C41B89 /* todo.lua in Resources */,
				7CD374CF21378988007C55ED /* HTTP.lua in Resources */,
				7CFE0B531DF00E4200C41B89 /* test.lua in Resources */,
				7C177C161DEFEE73008C9DF1 /* Assets.xcassets in Resources */,
				7C177C191DEFEE73008C9DF1 /* Main.storyboard in Resources */,
			);
			runOnlyForDeploymentPostprocessing = 0;
		};
		7C21ED001DEFBE9A00507DA2 /* Resources */ = {
			isa = PBXResourcesBuildPhase;
			buildActionMask = 2147483647;
			files = (
				7C21ED331DEFC39400507DA2 /* dkjson.lua in Resources */,
				7CE28F4A212BA1770042A3DC /* Encoding-Sample.lua in Resources */,
				7CD374CE21378988007C55ED /* HTTP.lua in Resources */,
				7C21ED341DEFC39400507DA2 /* main.lua in Resources */,
				7C21ED351DEFC39400507DA2 /* todo.lua in Resources */,
				7C21ED361DEFC39400507DA2 /* test.lua in Resources */,
				7CD374C821378979007C55ED /* Foundation.lua in Resources */,
				7C21ED0F1DEFBE9A00507DA2 /* LaunchScreen.storyboard in Resources */,
				7CE28F51212BA18C0042A3DC /* HTTP-Sample.lua in Resources */,
				7CD374D321378AE1007C55ED /* timg.jpeg in Resources */,
				7C21ED0C1DEFBE9A00507DA2 /* Assets.xcassets in Resources */,
				7C21ED0A1DEFBE9A00507DA2 /* Main.storyboard in Resources */,
				7CE28F4F212BA1880042A3DC /* Path-Sample.lua in Resources */,
			);
			runOnlyForDeploymentPostprocessing = 0;
		};
		7C5A617B1D6AE2A3007D4308 /* Resources */ = {
			isa = PBXResourcesBuildPhase;
			buildActionMask = 2147483647;
			files = (
				7CD374C721378979007C55ED /* Foundation.lua in Resources */,
				7CE625171D93B3AA007533D7 /* todo.lua in Resources */,
				7CD374D221378AE1007C55ED /* timg.jpeg in Resources */,
				7C5A61891D6AE2A3007D4308 /* Assets.xcassets in Resources */,
				7CE625151D93B3AA007533D7 /* main.lua in Resources */,
				7CE625131D93B3AA007533D7 /* dkjson.lua in Resources */,
				7CE28F4E212BA1880042A3DC /* Path-Sample.lua in Resources */,
				7C210E051DCB5FD3000838F9 /* test.lua in Resources */,
				7CD374CD21378988007C55ED /* HTTP.lua in Resources */,
				7C44C789212AB472004D8D6F /* HTTP-Sample.lua in Resources */,
				7CE28F49212BA1770042A3DC /* Encoding-Sample.lua in Resources */,
				7C5A618C1D6AE2A3007D4308 /* Main.storyboard in Resources */,
			);
			runOnlyForDeploymentPostprocessing = 0;
		};
		7C8C2DDE1D38C345009345EB /* Resources */ = {
			isa = PBXResourcesBuildPhase;
			buildActionMask = 2147483647;
			files = (
				7CD374CC21378988007C55ED /* HTTP.lua in Resources */,
				7CE625141D93B3AA007533D7 /* main.lua in Resources */,
				7C6B12811D6AFD1400489D9E /* Main.storyboard in Resources */,
				7CE28F48212BA1770042A3DC /* Encoding-Sample.lua in Resources */,
				7C6B127F1D6AFD1400489D9E /* Assets.xcassets in Resources */,
				7C6B12801D6AFD1400489D9E /* LaunchScreen.storyboard in Resources */,
				7C210E041DCB5FD3000838F9 /* test.lua in Resources */,
				7C44C788212AB472004D8D6F /* HTTP-Sample.lua in Resources */,
				7CD374D121378AE1007C55ED /* timg.jpeg in Resources */,
				7CCF836E211BF91800BF7723 /* hello.lua in Resources */,
				7CE625161D93B3AA007533D7 /* todo.lua in Resources */,
				7CE625121D93B3AA007533D7 /* dkjson.lua in Resources */,
				7CE28F4D212BA1880042A3DC /* Path-Sample.lua in Resources */,
				7CD374C621378979007C55ED /* Foundation.lua in Resources */,
			);
			runOnlyForDeploymentPostprocessing = 0;
		};
/* End PBXResourcesBuildPhase section */

/* Begin PBXSourcesBuildPhase section */
		7C177C0B1DEFEE73008C9DF1 /* Sources */ = {
			isa = PBXSourcesBuildPhase;
			buildActionMask = 2147483647;
			files = (
				7CA46E5C1DEFFE820014253A /* LSCTPerson.swift in Sources */,
				7C49AE4F212BCA940031D627 /* LSCHTTPTask.swift in Sources */,
				7C49AE54212C15310031D627 /* ModulesViewController.swift in Sources */,
				7CE28F6E212BB6560042A3DC /* LSCEncoding.swift in Sources */,
				7C177C141DEFEE73008C9DF1 /* ViewController1.swift in Sources */,
				7C49AE52212BE5140031D627 /* LSCHTTPFile.swift in Sources */,
				7C177C121DEFEE73008C9DF1 /* AppDelegate.swift in Sources */,
				7CA46E5A1DEFFE3C0014253A /* LogModule.swift in Sources */,
				7CE28F71212BB79B0042A3DC /* LSCPath.swift in Sources */,
				7C78749D1EA4BE0E00FED498 /* LSCTNativeData.swift in Sources */,
			);
			runOnlyForDeploymentPostprocessing = 0;
		};
		7C21ECFE1DEFBE9A00507DA2 /* Sources */ = {
			isa = PBXSourcesBuildPhase;
			buildActionMask = 2147483647;
			files = (
				7C21ED3D1DEFD41200507DA2 /* LSCTPerson.swift in Sources */,
				7CE28F6D212BB6560042A3DC /* LSCEncoding.swift in Sources */,
				7C49AE45212BC63B0031D627 /* ModuleListViewController.swift in Sources */,
				7C21ED071DEFBE9A00507DA2 /* ViewController.swift in Sources */,
				7C21ED051DEFBE9A00507DA2 /* AppDelegate.swift in Sources */,
				7C49AE4C212BCA150031D627 /* HttpModuleViewController.swift in Sources */,
				7C49AE48212BC75C0031D627 /* EncodingModuleViewController.swift in Sources */,
				7C21ED381DEFCEFA00507DA2 /* LogModule.swift in Sources */,
				7CE28F70212BB79B0042A3DC /* LSCPath.swift in Sources */,
				7C49AE4E212BCA940031D627 /* LSCHTTPTask.swift in Sources */,
				7CCA263E1EA4754E007F20A9 /* LSCTNativeData.swift in Sources */,
				7C49AE4A212BC8F60031D627 /* PathModuleViewController.swift in Sources */,
				7C49AE51212BE5140031D627 /* LSCHTTPFile.swift in Sources */,
			);
			runOnlyForDeploymentPostprocessing = 0;
		};
		7C5A61791D6AE2A3007D4308 /* Sources */ = {
			isa = PBXSourcesBuildPhase;
			buildActionMask = 2147483647;
			files = (
				7C44C777212A68C8004D8D6F /* LSCHTTPTask.m in Sources */,
				7CCA263C1EA45634007F20A9 /* LSCTNativeData.m in Sources */,
				7C5A61871D6AE2A3007D4308 /* ViewController.m in Sources */,
				7CE28F6B212BAE210042A3DC /* ModulesViewController.m in Sources */,
				7CE28F45212B9F7B0042A3DC /* LSCPath.m in Sources */,
				7C44C783212AA693004D8D6F /* LSCHTTPFile.m in Sources */,
				7C5A61841D6AE2A3007D4308 /* main.m in Sources */,
				7C44C77F212AA0F6004D8D6F /* LSCEncoding.m in Sources */,
				7CE6251C1D93B3C8007533D7 /* LogModule.m in Sources */,
				7CE6252B1D93B435007533D7 /* LSCTPerson.m in Sources */,
				7C5A61811D6AE2A3007D4308 /* AppDelegate.m in Sources */,
			);
			runOnlyForDeploymentPostprocessing = 0;
		};
		7C8C2DDC1D38C345009345EB /* Sources */ = {
			isa = PBXSourcesBuildPhase;
			buildActionMask = 2147483647;
			files = (
				7C44C776212A68C8004D8D6F /* LSCHTTPTask.m in Sources */,
				7CE28F61212BA81C0042A3DC /* PathModuleViewController.m in Sources */,
				7CCA263B1EA45634007F20A9 /* LSCTNativeData.m in Sources */,
				7C1E5A4C1E0113EC00C3C2E2 /* LogModule.m in Sources */,
				7CE28F44212B9F7B0042A3DC /* LSCPath.m in Sources */,
				7C44C782212AA693004D8D6F /* LSCHTTPFile.m in Sources */,
				7CE28F5C212BA39D0042A3DC /* EncodingModuleViewController.m in Sources */,
				7C44C78C212AB873004D8D6F /* HttpModuleViewController.m in Sources */,
				7C1E5A4D1E0113EC00C3C2E2 /* LSCTPerson.m in Sources */,
				7C44C77E212AA0F6004D8D6F /* LSCEncoding.m in Sources */,
				7C6B12841D6AFD1400489D9E /* ViewController.m in Sources */,
				7C6B12831D6AFD1400489D9E /* main.m in Sources */,
				7C6B127E1D6AFD1400489D9E /* AppDelegate.m in Sources */,
				7C49AE41212BC5850031D627 /* ModuleListViewController.m in Sources */,
			);
			runOnlyForDeploymentPostprocessing = 0;
		};
/* End PBXSourcesBuildPhase section */

/* Begin PBXTargetDependency section */
		7C88E8A420240511000C15D5 /* PBXTargetDependency */ = {
			isa = PBXTargetDependency;
			name = "LuaScriptCore-iOS";
			targetProxy = 7C88E8A320240511000C15D5 /* PBXContainerItemProxy */;
		};
		7C88E8A820240572000C15D5 /* PBXTargetDependency */ = {
			isa = PBXTargetDependency;
			name = "LuaScriptCore-OSX";
			targetProxy = 7C88E8A720240572000C15D5 /* PBXContainerItemProxy */;
		};
		7C88E8AB20240620000C15D5 /* PBXTargetDependency */ = {
			isa = PBXTargetDependency;
			name = "LuaScriptCore-iOS-Swift";
			targetProxy = 7C88E8AA20240620000C15D5 /* PBXContainerItemProxy */;
		};
		7C88E8AF20240649000C15D5 /* PBXTargetDependency */ = {
			isa = PBXTargetDependency;
			name = "LuaScriptCore-OSX-Swift";
			targetProxy = 7C88E8AE20240649000C15D5 /* PBXContainerItemProxy */;
		};
/* End PBXTargetDependency section */

/* Begin PBXVariantGroup section */
		7C177C171DEFEE73008C9DF1 /* Main.storyboard */ = {
			isa = PBXVariantGroup;
			children = (
				7C177C181DEFEE73008C9DF1 /* Base */,
			);
			name = Main.storyboard;
			sourceTree = "<group>";
		};
		7C21ED081DEFBE9A00507DA2 /* Main.storyboard */ = {
			isa = PBXVariantGroup;
			children = (
				7C21ED091DEFBE9A00507DA2 /* Base */,
			);
			name = Main.storyboard;
			sourceTree = "<group>";
		};
		7C21ED0D1DEFBE9A00507DA2 /* LaunchScreen.storyboard */ = {
			isa = PBXVariantGroup;
			children = (
				7C21ED0E1DEFBE9A00507DA2 /* Base */,
			);
			name = LaunchScreen.storyboard;
			sourceTree = "<group>";
		};
		7C5A618A1D6AE2A3007D4308 /* Main.storyboard */ = {
			isa = PBXVariantGroup;
			children = (
				7C5A618B1D6AE2A3007D4308 /* Base */,
			);
			name = Main.storyboard;
			sourceTree = "<group>";
		};
		7C6B12761D6AFD1400489D9E /* LaunchScreen.storyboard */ = {
			isa = PBXVariantGroup;
			children = (
				7C6B12771D6AFD1400489D9E /* Base */,
			);
			name = LaunchScreen.storyboard;
			sourceTree = "<group>";
		};
		7C6B12781D6AFD1400489D9E /* Main.storyboard */ = {
			isa = PBXVariantGroup;
			children = (
				7C6B12791D6AFD1400489D9E /* Base */,
			);
			name = Main.storyboard;
			sourceTree = "<group>";
		};
/* End PBXVariantGroup section */

/* Begin XCBuildConfiguration section */
		7C177C1C1DEFEE73008C9DF1 /* Debug */ = {
			isa = XCBuildConfiguration;
			buildSettings = {
				ASSETCATALOG_COMPILER_APPICON_NAME = AppIcon;
				CLANG_WARN_DOCUMENTATION_COMMENTS = YES;
				CLANG_WARN_INFINITE_RECURSION = YES;
				CLANG_WARN_SUSPICIOUS_MOVES = YES;
				CODE_SIGN_IDENTITY = "-";
				COMBINE_HIDPI_IMAGES = YES;
				FRAMEWORK_SEARCH_PATHS = "$(PROJECT_DIR)/../../Release/OSX-Swift";
				INFOPLIST_FILE = "Sample-OSX-Swift/Info.plist";
				LD_RUNPATH_SEARCH_PATHS = "$(inherited) @executable_path/../Frameworks";
				MACOSX_DEPLOYMENT_TARGET = 10.10;
				PRODUCT_BUNDLE_IDENTIFIER = "cn.vimfung.Sample-OSX-Swift";
				PRODUCT_NAME = "$(TARGET_NAME)";
				SDKROOT = macosx;
				SWIFT_ACTIVE_COMPILATION_CONDITIONS = DEBUG;
				SWIFT_OPTIMIZATION_LEVEL = "-Onone";
				SWIFT_VERSION = 3.0;
			};
			name = Debug;
		};
		7C177C1D1DEFEE73008C9DF1 /* Release */ = {
			isa = XCBuildConfiguration;
			buildSettings = {
				ASSETCATALOG_COMPILER_APPICON_NAME = AppIcon;
				CLANG_WARN_DOCUMENTATION_COMMENTS = YES;
				CLANG_WARN_INFINITE_RECURSION = YES;
				CLANG_WARN_SUSPICIOUS_MOVES = YES;
				CODE_SIGN_IDENTITY = "-";
				COMBINE_HIDPI_IMAGES = YES;
				FRAMEWORK_SEARCH_PATHS = "$(PROJECT_DIR)/../../Release/OSX-Swift";
				INFOPLIST_FILE = "Sample-OSX-Swift/Info.plist";
				LD_RUNPATH_SEARCH_PATHS = "$(inherited) @executable_path/../Frameworks";
				MACOSX_DEPLOYMENT_TARGET = 10.10;
				PRODUCT_BUNDLE_IDENTIFIER = "cn.vimfung.Sample-OSX-Swift";
				PRODUCT_NAME = "$(TARGET_NAME)";
				SDKROOT = macosx;
				SWIFT_OPTIMIZATION_LEVEL = "-Owholemodule";
				SWIFT_VERSION = 3.0;
			};
			name = Release;
		};
		7C21ED111DEFBE9A00507DA2 /* Debug */ = {
			isa = XCBuildConfiguration;
			buildSettings = {
				ASSETCATALOG_COMPILER_APPICON_NAME = AppIcon;
				CLANG_WARN_DOCUMENTATION_COMMENTS = YES;
				CLANG_WARN_INFINITE_RECURSION = YES;
				CLANG_WARN_SUSPICIOUS_MOVES = YES;
				DEVELOPMENT_TEAM = "";
				FRAMEWORK_SEARCH_PATHS = "$(PROJECT_DIR)/../../Release/iOS-Swift";
				INFOPLIST_FILE = "Sample-iOS-Swift/Info.plist";
				IPHONEOS_DEPLOYMENT_TARGET = 8.0;
				LD_RUNPATH_SEARCH_PATHS = "$(inherited) @executable_path/Frameworks";
				PRODUCT_BUNDLE_IDENTIFIER = "cn.vimfung.Sample-iOS-Swift";
				PRODUCT_NAME = "$(TARGET_NAME)";
				SWIFT_ACTIVE_COMPILATION_CONDITIONS = DEBUG;
				SWIFT_INSTALL_OBJC_HEADER = YES;
				SWIFT_OPTIMIZATION_LEVEL = "-Onone";
				SWIFT_VERSION = 3.0;
				TARGETED_DEVICE_FAMILY = "1,2";
			};
			name = Debug;
		};
		7C21ED121DEFBE9A00507DA2 /* Release */ = {
			isa = XCBuildConfiguration;
			buildSettings = {
				ASSETCATALOG_COMPILER_APPICON_NAME = AppIcon;
				CLANG_WARN_DOCUMENTATION_COMMENTS = YES;
				CLANG_WARN_INFINITE_RECURSION = YES;
				CLANG_WARN_SUSPICIOUS_MOVES = YES;
				DEVELOPMENT_TEAM = "";
				FRAMEWORK_SEARCH_PATHS = "$(PROJECT_DIR)/../../Release/iOS-Swift";
				INFOPLIST_FILE = "Sample-iOS-Swift/Info.plist";
				IPHONEOS_DEPLOYMENT_TARGET = 8.0;
				LD_RUNPATH_SEARCH_PATHS = "$(inherited) @executable_path/Frameworks";
				PRODUCT_BUNDLE_IDENTIFIER = "cn.vimfung.Sample-iOS-Swift";
				PRODUCT_NAME = "$(TARGET_NAME)";
				SWIFT_INSTALL_OBJC_HEADER = YES;
				SWIFT_OPTIMIZATION_LEVEL = "-Owholemodule";
				SWIFT_VERSION = 3.0;
				TARGETED_DEVICE_FAMILY = "1,2";
			};
			name = Release;
		};
		7C5A618E1D6AE2A3007D4308 /* Debug */ = {
			isa = XCBuildConfiguration;
			buildSettings = {
				ASSETCATALOG_COMPILER_APPICON_NAME = AppIcon;
				CODE_SIGN_IDENTITY = "-";
				COMBINE_HIDPI_IMAGES = YES;
				HEADER_SEARCH_PATHS = "\"$(SRCROOT)/Build/Products/Debug-iphonesimulator/include/LuaScriptCore-iOS\"";
				INFOPLIST_FILE = "Sample-OSX/Info.plist";
				LD_RUNPATH_SEARCH_PATHS = "$(inherited) @executable_path/../Frameworks";
				MACOSX_DEPLOYMENT_TARGET = 10.11;
				PRODUCT_BUNDLE_IDENTIFIER = "cn.vimfung.Sample-OSX";
				PRODUCT_NAME = "$(TARGET_NAME)";
				SDKROOT = macosx;
			};
			name = Debug;
		};
		7C5A618F1D6AE2A3007D4308 /* Release */ = {
			isa = XCBuildConfiguration;
			buildSettings = {
				ASSETCATALOG_COMPILER_APPICON_NAME = AppIcon;
				CODE_SIGN_IDENTITY = "-";
				COMBINE_HIDPI_IMAGES = YES;
				HEADER_SEARCH_PATHS = "\"$(SRCROOT)/Build/Products/Debug-iphonesimulator/include/LuaScriptCore-iOS\"";
				INFOPLIST_FILE = "Sample-OSX/Info.plist";
				LD_RUNPATH_SEARCH_PATHS = "$(inherited) @executable_path/../Frameworks";
				MACOSX_DEPLOYMENT_TARGET = 10.11;
				PRODUCT_BUNDLE_IDENTIFIER = "cn.vimfung.Sample-OSX";
				PRODUCT_NAME = "$(TARGET_NAME)";
				SDKROOT = macosx;
			};
			name = Release;
		};
		7C8C2DF51D38C345009345EB /* Debug */ = {
			isa = XCBuildConfiguration;
			buildSettings = {
				ALWAYS_SEARCH_USER_PATHS = NO;
				CLANG_ANALYZER_NONNULL = YES;
				CLANG_CXX_LANGUAGE_STANDARD = "gnu++0x";
				CLANG_CXX_LIBRARY = "libc++";
				CLANG_ENABLE_MODULES = YES;
				CLANG_ENABLE_OBJC_ARC = YES;
				CLANG_WARN_BOOL_CONVERSION = YES;
				CLANG_WARN_CONSTANT_CONVERSION = YES;
				CLANG_WARN_DIRECT_OBJC_ISA_USAGE = YES_ERROR;
				CLANG_WARN_EMPTY_BODY = YES;
				CLANG_WARN_ENUM_CONVERSION = YES;
				CLANG_WARN_INFINITE_RECURSION = YES;
				CLANG_WARN_INT_CONVERSION = YES;
				CLANG_WARN_OBJC_ROOT_CLASS = YES_ERROR;
				CLANG_WARN_SUSPICIOUS_MOVE = YES;
				CLANG_WARN_UNREACHABLE_CODE = YES;
				CLANG_WARN__DUPLICATE_METHOD_MATCH = YES;
				"CODE_SIGN_IDENTITY[sdk=iphoneos*]" = "iPhone Developer";
				COPY_PHASE_STRIP = NO;
				DEBUG_INFORMATION_FORMAT = dwarf;
				ENABLE_STRICT_OBJC_MSGSEND = YES;
				ENABLE_TESTABILITY = YES;
				GCC_C_LANGUAGE_STANDARD = gnu99;
				GCC_DYNAMIC_NO_PIC = NO;
				GCC_NO_COMMON_BLOCKS = YES;
				GCC_OPTIMIZATION_LEVEL = 0;
				GCC_PREPROCESSOR_DEFINITIONS = (
					"DEBUG=1",
					"$(inherited)",
				);
				GCC_WARN_64_TO_32_BIT_CONVERSION = YES;
				GCC_WARN_ABOUT_RETURN_TYPE = YES_ERROR;
				GCC_WARN_UNDECLARED_SELECTOR = YES;
				GCC_WARN_UNINITIALIZED_AUTOS = YES_AGGRESSIVE;
				GCC_WARN_UNUSED_FUNCTION = YES;
				GCC_WARN_UNUSED_VARIABLE = YES;
				IPHONEOS_DEPLOYMENT_TARGET = 9.3;
				MTL_ENABLE_DEBUG_INFO = YES;
				ONLY_ACTIVE_ARCH = YES;
				SDKROOT = iphoneos;
			};
			name = Debug;
		};
		7C8C2DF61D38C345009345EB /* Release */ = {
			isa = XCBuildConfiguration;
			buildSettings = {
				ALWAYS_SEARCH_USER_PATHS = NO;
				CLANG_ANALYZER_NONNULL = YES;
				CLANG_CXX_LANGUAGE_STANDARD = "gnu++0x";
				CLANG_CXX_LIBRARY = "libc++";
				CLANG_ENABLE_MODULES = YES;
				CLANG_ENABLE_OBJC_ARC = YES;
				CLANG_WARN_BOOL_CONVERSION = YES;
				CLANG_WARN_CONSTANT_CONVERSION = YES;
				CLANG_WARN_DIRECT_OBJC_ISA_USAGE = YES_ERROR;
				CLANG_WARN_EMPTY_BODY = YES;
				CLANG_WARN_ENUM_CONVERSION = YES;
				CLANG_WARN_INFINITE_RECURSION = YES;
				CLANG_WARN_INT_CONVERSION = YES;
				CLANG_WARN_OBJC_ROOT_CLASS = YES_ERROR;
				CLANG_WARN_SUSPICIOUS_MOVE = YES;
				CLANG_WARN_UNREACHABLE_CODE = YES;
				CLANG_WARN__DUPLICATE_METHOD_MATCH = YES;
				"CODE_SIGN_IDENTITY[sdk=iphoneos*]" = "iPhone Developer";
				COPY_PHASE_STRIP = NO;
				DEBUG_INFORMATION_FORMAT = "dwarf-with-dsym";
				ENABLE_NS_ASSERTIONS = NO;
				ENABLE_STRICT_OBJC_MSGSEND = YES;
				GCC_C_LANGUAGE_STANDARD = gnu99;
				GCC_NO_COMMON_BLOCKS = YES;
				GCC_WARN_64_TO_32_BIT_CONVERSION = YES;
				GCC_WARN_ABOUT_RETURN_TYPE = YES_ERROR;
				GCC_WARN_UNDECLARED_SELECTOR = YES;
				GCC_WARN_UNINITIALIZED_AUTOS = YES_AGGRESSIVE;
				GCC_WARN_UNUSED_FUNCTION = YES;
				GCC_WARN_UNUSED_VARIABLE = YES;
				IPHONEOS_DEPLOYMENT_TARGET = 9.3;
				MTL_ENABLE_DEBUG_INFO = NO;
				SDKROOT = iphoneos;
				SWIFT_OPTIMIZATION_LEVEL = "-Owholemodule";
				VALIDATE_PRODUCT = YES;
			};
			name = Release;
		};
		7C8C2DF81D38C345009345EB /* Debug */ = {
			isa = XCBuildConfiguration;
			buildSettings = {
				ASSETCATALOG_COMPILER_APPICON_NAME = AppIcon;
				CODE_SIGN_IDENTITY = "iPhone Developer";
				"CODE_SIGN_IDENTITY[sdk=iphoneos*]" = "iPhone Developer";
				DEVELOPMENT_TEAM = S9MSR7Z644;
				ENABLE_BITCODE = YES;
				HEADER_SEARCH_PATHS = "\"$(SRCROOT)/Build/Products/Debug-iphonesimulator/include/LuaScriptCore-iOS\"";
				INFOPLIST_FILE = "Sample-iOS/Info.plist";
				IPHONEOS_DEPLOYMENT_TARGET = 8.0;
				LD_RUNPATH_SEARCH_PATHS = "$(inherited) @executable_path/Frameworks";
				OTHER_LDFLAGS = "-ObjC";
				PRODUCT_BUNDLE_IDENTIFIER = cn.vimfung.Sample;
				PRODUCT_NAME = "$(TARGET_NAME)";
				PROVISIONING_PROFILE = "";
			};
			name = Debug;
		};
		7C8C2DF91D38C345009345EB /* Release */ = {
			isa = XCBuildConfiguration;
			buildSettings = {
				ASSETCATALOG_COMPILER_APPICON_NAME = AppIcon;
				CODE_SIGN_IDENTITY = "iPhone Developer";
				"CODE_SIGN_IDENTITY[sdk=iphoneos*]" = "iPhone Developer";
				DEVELOPMENT_TEAM = S9MSR7Z644;
				ENABLE_BITCODE = YES;
				HEADER_SEARCH_PATHS = "\"$(SRCROOT)/Build/Products/Debug-iphonesimulator/include/LuaScriptCore-iOS\"";
				INFOPLIST_FILE = "Sample-iOS/Info.plist";
				IPHONEOS_DEPLOYMENT_TARGET = 8.0;
				LD_RUNPATH_SEARCH_PATHS = "$(inherited) @executable_path/Frameworks";
				OTHER_LDFLAGS = "-ObjC";
				PRODUCT_BUNDLE_IDENTIFIER = cn.vimfung.Sample;
				PRODUCT_NAME = "$(TARGET_NAME)";
				PROVISIONING_PROFILE = "";
			};
			name = Release;
		};
/* End XCBuildConfiguration section */

/* Begin XCConfigurationList section */
		7C177C1B1DEFEE73008C9DF1 /* Build configuration list for PBXNativeTarget "Sample-OSX-Swift" */ = {
			isa = XCConfigurationList;
			buildConfigurations = (
				7C177C1C1DEFEE73008C9DF1 /* Debug */,
				7C177C1D1DEFEE73008C9DF1 /* Release */,
			);
			defaultConfigurationIsVisible = 0;
			defaultConfigurationName = Release;
		};
		7C21ED131DEFBE9A00507DA2 /* Build configuration list for PBXNativeTarget "Sample-iOS-Swift" */ = {
			isa = XCConfigurationList;
			buildConfigurations = (
				7C21ED111DEFBE9A00507DA2 /* Debug */,
				7C21ED121DEFBE9A00507DA2 /* Release */,
			);
			defaultConfigurationIsVisible = 0;
			defaultConfigurationName = Release;
		};
		7C5A61901D6AE2A3007D4308 /* Build configuration list for PBXNativeTarget "Sample-OSX" */ = {
			isa = XCConfigurationList;
			buildConfigurations = (
				7C5A618E1D6AE2A3007D4308 /* Debug */,
				7C5A618F1D6AE2A3007D4308 /* Release */,
			);
			defaultConfigurationIsVisible = 0;
			defaultConfigurationName = Release;
		};
		7C8C2DDB1D38C345009345EB /* Build configuration list for PBXProject "Sample" */ = {
			isa = XCConfigurationList;
			buildConfigurations = (
				7C8C2DF51D38C345009345EB /* Debug */,
				7C8C2DF61D38C345009345EB /* Release */,
			);
			defaultConfigurationIsVisible = 0;
			defaultConfigurationName = Release;
		};
		7C8C2DF71D38C345009345EB /* Build configuration list for PBXNativeTarget "Sample-iOS" */ = {
			isa = XCConfigurationList;
			buildConfigurations = (
				7C8C2DF81D38C345009345EB /* Debug */,
				7C8C2DF91D38C345009345EB /* Release */,
			);
			defaultConfigurationIsVisible = 0;
			defaultConfigurationName = Release;
		};
/* End XCConfigurationList section */
	};
	rootObject = 7C8C2DD81D38C345009345EB /* Project object */;
}
