// !$*UTF8*$!
{
	archiveVersion = 1;
	classes = {
	};
	objectVersion = 46;
	objects = {

/* Begin PBXBuildFile section */
		7C5A612F1D6ADABD007D4308 /* lapi.c in Sources */ = {isa = PBXBuildFile; fileRef = 7C5A60F11D6ADABD007D4308 /* lapi.c */; };
		7C5A61301D6ADABD007D4308 /* lauxlib.c in Sources */ = {isa = PBXBuildFile; fileRef = 7C5A60F31D6ADABD007D4308 /* lauxlib.c */; };
		7C5A61311D6ADABD007D4308 /* lbaselib.c in Sources */ = {isa = PBXBuildFile; fileRef = 7C5A60F51D6ADABD007D4308 /* lbaselib.c */; };
		7C5A61321D6ADABD007D4308 /* lbitlib.c in Sources */ = {isa = PBXBuildFile; fileRef = 7C5A60F61D6ADABD007D4308 /* lbitlib.c */; };
		7C5A61331D6ADABD007D4308 /* lcode.c in Sources */ = {isa = PBXBuildFile; fileRef = 7C5A60F71D6ADABD007D4308 /* lcode.c */; };
		7C5A61341D6ADABD007D4308 /* lcorolib.c in Sources */ = {isa = PBXBuildFile; fileRef = 7C5A60F91D6ADABD007D4308 /* lcorolib.c */; };
		7C5A61351D6ADABD007D4308 /* lctype.c in Sources */ = {isa = PBXBuildFile; fileRef = 7C5A60FA1D6ADABD007D4308 /* lctype.c */; };
		7C5A61361D6ADABD007D4308 /* ldblib.c in Sources */ = {isa = PBXBuildFile; fileRef = 7C5A60FC1D6ADABD007D4308 /* ldblib.c */; };
		7C5A61371D6ADABD007D4308 /* ldebug.c in Sources */ = {isa = PBXBuildFile; fileRef = 7C5A60FD1D6ADABD007D4308 /* ldebug.c */; };
		7C5A61381D6ADABD007D4308 /* ldo.c in Sources */ = {isa = PBXBuildFile; fileRef = 7C5A60FF1D6ADABD007D4308 /* ldo.c */; };
		7C5A61391D6ADABD007D4308 /* ldump.c in Sources */ = {isa = PBXBuildFile; fileRef = 7C5A61011D6ADABD007D4308 /* ldump.c */; };
		7C5A613A1D6ADABD007D4308 /* lfunc.c in Sources */ = {isa = PBXBuildFile; fileRef = 7C5A61021D6ADABD007D4308 /* lfunc.c */; };
		7C5A613B1D6ADABD007D4308 /* lgc.c in Sources */ = {isa = PBXBuildFile; fileRef = 7C5A61041D6ADABD007D4308 /* lgc.c */; };
		7C5A613C1D6ADABD007D4308 /* linit.c in Sources */ = {isa = PBXBuildFile; fileRef = 7C5A61061D6ADABD007D4308 /* linit.c */; };
		7C5A613D1D6ADABD007D4308 /* liolib.c in Sources */ = {isa = PBXBuildFile; fileRef = 7C5A61071D6ADABD007D4308 /* liolib.c */; };
		7C5A613E1D6ADABD007D4308 /* llex.c in Sources */ = {isa = PBXBuildFile; fileRef = 7C5A61081D6ADABD007D4308 /* llex.c */; };
		7C5A613F1D6ADABD007D4308 /* lmathlib.c in Sources */ = {isa = PBXBuildFile; fileRef = 7C5A610B1D6ADABD007D4308 /* lmathlib.c */; };
		7C5A61401D6ADABD007D4308 /* lmem.c in Sources */ = {isa = PBXBuildFile; fileRef = 7C5A610C1D6ADABD007D4308 /* lmem.c */; };
		7C5A61411D6ADABD007D4308 /* loadlib.c in Sources */ = {isa = PBXBuildFile; fileRef = 7C5A610E1D6ADABD007D4308 /* loadlib.c */; };
		7C5A61421D6ADABD007D4308 /* lobject.c in Sources */ = {isa = PBXBuildFile; fileRef = 7C5A610F1D6ADABD007D4308 /* lobject.c */; };
		7C5A61431D6ADABD007D4308 /* lopcodes.c in Sources */ = {isa = PBXBuildFile; fileRef = 7C5A61111D6ADABD007D4308 /* lopcodes.c */; };
		7C5A61441D6ADABD007D4308 /* loslib.c in Sources */ = {isa = PBXBuildFile; fileRef = 7C5A61131D6ADABD007D4308 /* loslib.c */; };
		7C5A61451D6ADABD007D4308 /* lparser.c in Sources */ = {isa = PBXBuildFile; fileRef = 7C5A61141D6ADABD007D4308 /* lparser.c */; };
		7C5A61461D6ADABD007D4308 /* lstate.c in Sources */ = {isa = PBXBuildFile; fileRef = 7C5A61171D6ADABD007D4308 /* lstate.c */; };
		7C5A61471D6ADABD007D4308 /* lstring.c in Sources */ = {isa = PBXBuildFile; fileRef = 7C5A61191D6ADABD007D4308 /* lstring.c */; };
		7C5A61481D6ADABD007D4308 /* lstrlib.c in Sources */ = {isa = PBXBuildFile; fileRef = 7C5A611B1D6ADABD007D4308 /* lstrlib.c */; };
		7C5A61491D6ADABD007D4308 /* ltable.c in Sources */ = {isa = PBXBuildFile; fileRef = 7C5A611C1D6ADABD007D4308 /* ltable.c */; };
		7C5A614A1D6ADABD007D4308 /* ltablib.c in Sources */ = {isa = PBXBuildFile; fileRef = 7C5A611E1D6ADABD007D4308 /* ltablib.c */; };
		7C5A614B1D6ADABD007D4308 /* ltm.c in Sources */ = {isa = PBXBuildFile; fileRef = 7C5A611F1D6ADABD007D4308 /* ltm.c */; };
		7C5A614C1D6ADABD007D4308 /* lua.c in Sources */ = {isa = PBXBuildFile; fileRef = 7C5A61211D6ADABD007D4308 /* lua.c */; };
		7C5A614D1D6ADABD007D4308 /* luac.c in Sources */ = {isa = PBXBuildFile; fileRef = 7C5A61241D6ADABD007D4308 /* luac.c */; };
		7C5A614E1D6ADABD007D4308 /* lundump.c in Sources */ = {isa = PBXBuildFile; fileRef = 7C5A61271D6ADABD007D4308 /* lundump.c */; };
		7C5A614F1D6ADABD007D4308 /* lutf8lib.c in Sources */ = {isa = PBXBuildFile; fileRef = 7C5A61291D6ADABD007D4308 /* lutf8lib.c */; };
		7C5A61501D6ADABD007D4308 /* lvm.c in Sources */ = {isa = PBXBuildFile; fileRef = 7C5A612A1D6ADABD007D4308 /* lvm.c */; };
		7C5A61511D6ADABD007D4308 /* lzio.c in Sources */ = {isa = PBXBuildFile; fileRef = 7C5A612C1D6ADABD007D4308 /* lzio.c */; };
		7C5A615D1D6ADB49007D4308 /* lapi.h in CopyFiles */ = {isa = PBXBuildFile; fileRef = 7C5A60F21D6ADABD007D4308 /* lapi.h */; };
		7C5A615E1D6ADB49007D4308 /* lauxlib.h in CopyFiles */ = {isa = PBXBuildFile; fileRef = 7C5A60F41D6ADABD007D4308 /* lauxlib.h */; };
		7C5A615F1D6ADB49007D4308 /* lcode.h in CopyFiles */ = {isa = PBXBuildFile; fileRef = 7C5A60F81D6ADABD007D4308 /* lcode.h */; };
		7C5A61601D6ADB49007D4308 /* lctype.h in CopyFiles */ = {isa = PBXBuildFile; fileRef = 7C5A60FB1D6ADABD007D4308 /* lctype.h */; };
		7C5A61611D6ADB49007D4308 /* ldebug.h in CopyFiles */ = {isa = PBXBuildFile; fileRef = 7C5A60FE1D6ADABD007D4308 /* ldebug.h */; };
		7C5A61621D6ADB49007D4308 /* ldo.h in CopyFiles */ = {isa = PBXBuildFile; fileRef = 7C5A61001D6ADABD007D4308 /* ldo.h */; };
		7C5A61631D6ADB49007D4308 /* lfunc.h in CopyFiles */ = {isa = PBXBuildFile; fileRef = 7C5A61031D6ADABD007D4308 /* lfunc.h */; };
		7C5A61641D6ADB49007D4308 /* lgc.h in CopyFiles */ = {isa = PBXBuildFile; fileRef = 7C5A61051D6ADABD007D4308 /* lgc.h */; };
		7C5A61651D6ADB49007D4308 /* llex.h in CopyFiles */ = {isa = PBXBuildFile; fileRef = 7C5A61091D6ADABD007D4308 /* llex.h */; };
		7C5A61661D6ADB49007D4308 /* llimits.h in CopyFiles */ = {isa = PBXBuildFile; fileRef = 7C5A610A1D6ADABD007D4308 /* llimits.h */; };
		7C5A61671D6ADB49007D4308 /* lmem.h in CopyFiles */ = {isa = PBXBuildFile; fileRef = 7C5A610D1D6ADABD007D4308 /* lmem.h */; };
		7C5A61681D6ADB49007D4308 /* lobject.h in CopyFiles */ = {isa = PBXBuildFile; fileRef = 7C5A61101D6ADABD007D4308 /* lobject.h */; };
		7C5A61691D6ADB49007D4308 /* lopcodes.h in CopyFiles */ = {isa = PBXBuildFile; fileRef = 7C5A61121D6ADABD007D4308 /* lopcodes.h */; };
		7C5A616A1D6ADB49007D4308 /* lparser.h in CopyFiles */ = {isa = PBXBuildFile; fileRef = 7C5A61151D6ADABD007D4308 /* lparser.h */; };
		7C5A616B1D6ADB49007D4308 /* lprefix.h in CopyFiles */ = {isa = PBXBuildFile; fileRef = 7C5A61161D6ADABD007D4308 /* lprefix.h */; };
		7C5A616C1D6ADB49007D4308 /* lstate.h in CopyFiles */ = {isa = PBXBuildFile; fileRef = 7C5A61181D6ADABD007D4308 /* lstate.h */; };
		7C5A616D1D6ADB49007D4308 /* lstring.h in CopyFiles */ = {isa = PBXBuildFile; fileRef = 7C5A611A1D6ADABD007D4308 /* lstring.h */; };
		7C5A616E1D6ADB49007D4308 /* ltable.h in CopyFiles */ = {isa = PBXBuildFile; fileRef = 7C5A611D1D6ADABD007D4308 /* ltable.h */; };
		7C5A616F1D6ADB49007D4308 /* ltm.h in CopyFiles */ = {isa = PBXBuildFile; fileRef = 7C5A61201D6ADABD007D4308 /* ltm.h */; };
		7C5A61701D6ADB49007D4308 /* lua.h in CopyFiles */ = {isa = PBXBuildFile; fileRef = 7C5A61221D6ADABD007D4308 /* lua.h */; };
		7C5A61711D6ADB49007D4308 /* lua.hpp in CopyFiles */ = {isa = PBXBuildFile; fileRef = 7C5A61231D6ADABD007D4308 /* lua.hpp */; };
		7C5A61721D6ADB49007D4308 /* luaconf.h in CopyFiles */ = {isa = PBXBuildFile; fileRef = 7C5A61251D6ADABD007D4308 /* luaconf.h */; };
		7C5A61731D6ADB49007D4308 /* lualib.h in CopyFiles */ = {isa = PBXBuildFile; fileRef = 7C5A61261D6ADABD007D4308 /* lualib.h */; };
		7C5A61741D6ADB49007D4308 /* lundump.h in CopyFiles */ = {isa = PBXBuildFile; fileRef = 7C5A61281D6ADABD007D4308 /* lundump.h */; };
		7C5A61751D6ADB49007D4308 /* lvm.h in CopyFiles */ = {isa = PBXBuildFile; fileRef = 7C5A612B1D6ADABD007D4308 /* lvm.h */; };
		7C5A61761D6ADB49007D4308 /* lzio.h in CopyFiles */ = {isa = PBXBuildFile; fileRef = 7C5A612D1D6ADABD007D4308 /* lzio.h */; };
/* End PBXBuildFile section */

/* Begin PBXCopyFilesBuildPhase section */
		7C5A60E21D6ADA8D007D4308 /* CopyFiles */ = {
			isa = PBXCopyFilesBuildPhase;
			buildActionMask = 2147483647;
			dstPath = "include/$(PRODUCT_NAME)";
			dstSubfolderSpec = 16;
			files = (
				7C5A615D1D6ADB49007D4308 /* lapi.h in CopyFiles */,
				7C5A615E1D6ADB49007D4308 /* lauxlib.h in CopyFiles */,
				7C5A615F1D6ADB49007D4308 /* lcode.h in CopyFiles */,
				7C5A61601D6ADB49007D4308 /* lctype.h in CopyFiles */,
				7C5A61611D6ADB49007D4308 /* ldebug.h in CopyFiles */,
				7C5A61621D6ADB49007D4308 /* ldo.h in CopyFiles */,
				7C5A61631D6ADB49007D4308 /* lfunc.h in CopyFiles */,
				7C5A61641D6ADB49007D4308 /* lgc.h in CopyFiles */,
				7C5A61651D6ADB49007D4308 /* llex.h in CopyFiles */,
				7C5A61661D6ADB49007D4308 /* llimits.h in CopyFiles */,
				7C5A61671D6ADB49007D4308 /* lmem.h in CopyFiles */,
				7C5A61681D6ADB49007D4308 /* lobject.h in CopyFiles */,
				7C5A61691D6ADB49007D4308 /* lopcodes.h in CopyFiles */,
				7C5A616A1D6ADB49007D4308 /* lparser.h in CopyFiles */,
				7C5A616B1D6ADB49007D4308 /* lprefix.h in CopyFiles */,
				7C5A616C1D6ADB49007D4308 /* lstate.h in CopyFiles */,
				7C5A616D1D6ADB49007D4308 /* lstring.h in CopyFiles */,
				7C5A616E1D6ADB49007D4308 /* ltable.h in CopyFiles */,
				7C5A616F1D6ADB49007D4308 /* ltm.h in CopyFiles */,
				7C5A61701D6ADB49007D4308 /* lua.h in CopyFiles */,
				7C5A61711D6ADB49007D4308 /* lua.hpp in CopyFiles */,
				7C5A61721D6ADB49007D4308 /* luaconf.h in CopyFiles */,
				7C5A61731D6ADB49007D4308 /* lualib.h in CopyFiles */,
				7C5A61741D6ADB49007D4308 /* lundump.h in CopyFiles */,
				7C5A61751D6ADB49007D4308 /* lvm.h in CopyFiles */,
				7C5A61761D6ADB49007D4308 /* lzio.h in CopyFiles */,
			);
			runOnlyForDeploymentPostprocessing = 0;
		};
/* End PBXCopyFilesBuildPhase section */

/* Begin PBXFileReference section */
		7C5A60E41D6ADA8D007D4308 /* liblua.a */ = {isa = PBXFileReference; explicitFileType = archive.ar; includeInIndex = 0; path = liblua.a; sourceTree = BUILT_PRODUCTS_DIR; };
		7C5A60F11D6ADABD007D4308 /* lapi.c */ = {isa = PBXFileReference; fileEncoding = 4; lastKnownFileType = sourcecode.c.c; path = lapi.c; sourceTree = "<group>"; };
		7C5A60F21D6ADABD007D4308 /* lapi.h */ = {isa = PBXFileReference; fileEncoding = 4; lastKnownFileType = sourcecode.c.h; path = lapi.h; sourceTree = "<group>"; };
		7C5A60F31D6ADABD007D4308 /* lauxlib.c */ = {isa = PBXFileReference; fileEncoding = 4; lastKnownFileType = sourcecode.c.c; path = lauxlib.c; sourceTree = "<group>"; };
		7C5A60F41D6ADABD007D4308 /* lauxlib.h */ = {isa = PBXFileReference; fileEncoding = 4; lastKnownFileType = sourcecode.c.h; path = lauxlib.h; sourceTree = "<group>"; };
		7C5A60F51D6ADABD007D4308 /* lbaselib.c */ = {isa = PBXFileReference; fileEncoding = 4; lastKnownFileType = sourcecode.c.c; path = lbaselib.c; sourceTree = "<group>"; };
		7C5A60F61D6ADABD007D4308 /* lbitlib.c */ = {isa = PBXFileReference; fileEncoding = 4; lastKnownFileType = sourcecode.c.c; path = lbitlib.c; sourceTree = "<group>"; };
		7C5A60F71D6ADABD007D4308 /* lcode.c */ = {isa = PBXFileReference; fileEncoding = 4; lastKnownFileType = sourcecode.c.c; path = lcode.c; sourceTree = "<group>"; };
		7C5A60F81D6ADABD007D4308 /* lcode.h */ = {isa = PBXFileReference; fileEncoding = 4; lastKnownFileType = sourcecode.c.h; path = lcode.h; sourceTree = "<group>"; };
		7C5A60F91D6ADABD007D4308 /* lcorolib.c */ = {isa = PBXFileReference; fileEncoding = 4; lastKnownFileType = sourcecode.c.c; path = lcorolib.c; sourceTree = "<group>"; };
		7C5A60FA1D6ADABD007D4308 /* lctype.c */ = {isa = PBXFileReference; fileEncoding = 4; lastKnownFileType = sourcecode.c.c; path = lctype.c; sourceTree = "<group>"; };
		7C5A60FB1D6ADABD007D4308 /* lctype.h */ = {isa = PBXFileReference; fileEncoding = 4; lastKnownFileType = sourcecode.c.h; path = lctype.h; sourceTree = "<group>"; };
		7C5A60FC1D6ADABD007D4308 /* ldblib.c */ = {isa = PBXFileReference; fileEncoding = 4; lastKnownFileType = sourcecode.c.c; path = ldblib.c; sourceTree = "<group>"; };
		7C5A60FD1D6ADABD007D4308 /* ldebug.c */ = {isa = PBXFileReference; fileEncoding = 4; lastKnownFileType = sourcecode.c.c; path = ldebug.c; sourceTree = "<group>"; };
		7C5A60FE1D6ADABD007D4308 /* ldebug.h */ = {isa = PBXFileReference; fileEncoding = 4; lastKnownFileType = sourcecode.c.h; path = ldebug.h; sourceTree = "<group>"; };
		7C5A60FF1D6ADABD007D4308 /* ldo.c */ = {isa = PBXFileReference; fileEncoding = 4; lastKnownFileType = sourcecode.c.c; path = ldo.c; sourceTree = "<group>"; };
		7C5A61001D6ADABD007D4308 /* ldo.h */ = {isa = PBXFileReference; fileEncoding = 4; lastKnownFileType = sourcecode.c.h; path = ldo.h; sourceTree = "<group>"; };
		7C5A61011D6ADABD007D4308 /* ldump.c */ = {isa = PBXFileReference; fileEncoding = 4; lastKnownFileType = sourcecode.c.c; path = ldump.c; sourceTree = "<group>"; };
		7C5A61021D6ADABD007D4308 /* lfunc.c */ = {isa = PBXFileReference; fileEncoding = 4; lastKnownFileType = sourcecode.c.c; path = lfunc.c; sourceTree = "<group>"; };
		7C5A61031D6ADABD007D4308 /* lfunc.h */ = {isa = PBXFileReference; fileEncoding = 4; lastKnownFileType = sourcecode.c.h; path = lfunc.h; sourceTree = "<group>"; };
		7C5A61041D6ADABD007D4308 /* lgc.c */ = {isa = PBXFileReference; fileEncoding = 4; lastKnownFileType = sourcecode.c.c; path = lgc.c; sourceTree = "<group>"; };
		7C5A61051D6ADABD007D4308 /* lgc.h */ = {isa = PBXFileReference; fileEncoding = 4; lastKnownFileType = sourcecode.c.h; path = lgc.h; sourceTree = "<group>"; };
		7C5A61061D6ADABD007D4308 /* linit.c */ = {isa = PBXFileReference; fileEncoding = 4; lastKnownFileType = sourcecode.c.c; path = linit.c; sourceTree = "<group>"; };
		7C5A61071D6ADABD007D4308 /* liolib.c */ = {isa = PBXFileReference; fileEncoding = 4; lastKnownFileType = sourcecode.c.c; path = liolib.c; sourceTree = "<group>"; };
		7C5A61081D6ADABD007D4308 /* llex.c */ = {isa = PBXFileReference; fileEncoding = 4; lastKnownFileType = sourcecode.c.c; path = llex.c; sourceTree = "<group>"; };
		7C5A61091D6ADABD007D4308 /* llex.h */ = {isa = PBXFileReference; fileEncoding = 4; lastKnownFileType = sourcecode.c.h; path = llex.h; sourceTree = "<group>"; };
		7C5A610A1D6ADABD007D4308 /* llimits.h */ = {isa = PBXFileReference; fileEncoding = 4; lastKnownFileType = sourcecode.c.h; path = llimits.h; sourceTree = "<group>"; };
		7C5A610B1D6ADABD007D4308 /* lmathlib.c */ = {isa = PBXFileReference; fileEncoding = 4; lastKnownFileType = sourcecode.c.c; path = lmathlib.c; sourceTree = "<group>"; };
		7C5A610C1D6ADABD007D4308 /* lmem.c */ = {isa = PBXFileReference; fileEncoding = 4; lastKnownFileType = sourcecode.c.c; path = lmem.c; sourceTree = "<group>"; };
		7C5A610D1D6ADABD007D4308 /* lmem.h */ = {isa = PBXFileReference; fileEncoding = 4; lastKnownFileType = sourcecode.c.h; path = lmem.h; sourceTree = "<group>"; };
		7C5A610E1D6ADABD007D4308 /* loadlib.c */ = {isa = PBXFileReference; fileEncoding = 4; lastKnownFileType = sourcecode.c.c; path = loadlib.c; sourceTree = "<group>"; };
		7C5A610F1D6ADABD007D4308 /* lobject.c */ = {isa = PBXFileReference; fileEncoding = 4; lastKnownFileType = sourcecode.c.c; path = lobject.c; sourceTree = "<group>"; };
		7C5A61101D6ADABD007D4308 /* lobject.h */ = {isa = PBXFileReference; fileEncoding = 4; lastKnownFileType = sourcecode.c.h; path = lobject.h; sourceTree = "<group>"; };
		7C5A61111D6ADABD007D4308 /* lopcodes.c */ = {isa = PBXFileReference; fileEncoding = 4; lastKnownFileType = sourcecode.c.c; path = lopcodes.c; sourceTree = "<group>"; };
		7C5A61121D6ADABD007D4308 /* lopcodes.h */ = {isa = PBXFileReference; fileEncoding = 4; lastKnownFileType = sourcecode.c.h; path = lopcodes.h; sourceTree = "<group>"; };
		7C5A61131D6ADABD007D4308 /* loslib.c */ = {isa = PBXFileReference; fileEncoding = 4; lastKnownFileType = sourcecode.c.c; path = loslib.c; sourceTree = "<group>"; };
		7C5A61141D6ADABD007D4308 /* lparser.c */ = {isa = PBXFileReference; fileEncoding = 4; lastKnownFileType = sourcecode.c.c; path = lparser.c; sourceTree = "<group>"; };
		7C5A61151D6ADABD007D4308 /* lparser.h */ = {isa = PBXFileReference; fileEncoding = 4; lastKnownFileType = sourcecode.c.h; path = lparser.h; sourceTree = "<group>"; };
		7C5A61161D6ADABD007D4308 /* lprefix.h */ = {isa = PBXFileReference; fileEncoding = 4; lastKnownFileType = sourcecode.c.h; path = lprefix.h; sourceTree = "<group>"; };
		7C5A61171D6ADABD007D4308 /* lstate.c */ = {isa = PBXFileReference; fileEncoding = 4; lastKnownFileType = sourcecode.c.c; path = lstate.c; sourceTree = "<group>"; };
		7C5A61181D6ADABD007D4308 /* lstate.h */ = {isa = PBXFileReference; fileEncoding = 4; lastKnownFileType = sourcecode.c.h; path = lstate.h; sourceTree = "<group>"; };
		7C5A61191D6ADABD007D4308 /* lstring.c */ = {isa = PBXFileReference; fileEncoding = 4; lastKnownFileType = sourcecode.c.c; path = lstring.c; sourceTree = "<group>"; };
		7C5A611A1D6ADABD007D4308 /* lstring.h */ = {isa = PBXFileReference; fileEncoding = 4; lastKnownFileType = sourcecode.c.h; path = lstring.h; sourceTree = "<group>"; };
		7C5A611B1D6ADABD007D4308 /* lstrlib.c */ = {isa = PBXFileReference; fileEncoding = 4; lastKnownFileType = sourcecode.c.c; path = lstrlib.c; sourceTree = "<group>"; };
		7C5A611C1D6ADABD007D4308 /* ltable.c */ = {isa = PBXFileReference; fileEncoding = 4; lastKnownFileType = sourcecode.c.c; path = ltable.c; sourceTree = "<group>"; };
		7C5A611D1D6ADABD007D4308 /* ltable.h */ = {isa = PBXFileReference; fileEncoding = 4; lastKnownFileType = sourcecode.c.h; path = ltable.h; sourceTree = "<group>"; };
		7C5A611E1D6ADABD007D4308 /* ltablib.c */ = {isa = PBXFileReference; fileEncoding = 4; lastKnownFileType = sourcecode.c.c; path = ltablib.c; sourceTree = "<group>"; };
		7C5A611F1D6ADABD007D4308 /* ltm.c */ = {isa = PBXFileReference; fileEncoding = 4; lastKnownFileType = sourcecode.c.c; path = ltm.c; sourceTree = "<group>"; };
		7C5A61201D6ADABD007D4308 /* ltm.h */ = {isa = PBXFileReference; fileEncoding = 4; lastKnownFileType = sourcecode.c.h; path = ltm.h; sourceTree = "<group>"; };
		7C5A61211D6ADABD007D4308 /* lua.c */ = {isa = PBXFileReference; fileEncoding = 4; lastKnownFileType = sourcecode.c.c; path = lua.c; sourceTree = "<group>"; };
		7C5A61221D6ADABD007D4308 /* lua.h */ = {isa = PBXFileReference; fileEncoding = 4; lastKnownFileType = sourcecode.c.h; path = lua.h; sourceTree = "<group>"; };
		7C5A61231D6ADABD007D4308 /* lua.hpp */ = {isa = PBXFileReference; fileEncoding = 4; lastKnownFileType = sourcecode.cpp.h; path = lua.hpp; sourceTree = "<group>"; };
		7C5A61241D6ADABD007D4308 /* luac.c */ = {isa = PBXFileReference; fileEncoding = 4; lastKnownFileType = sourcecode.c.c; path = luac.c; sourceTree = "<group>"; };
		7C5A61251D6ADABD007D4308 /* luaconf.h */ = {isa = PBXFileReference; fileEncoding = 4; lastKnownFileType = sourcecode.c.h; path = luaconf.h; sourceTree = "<group>"; };
		7C5A61261D6ADABD007D4308 /* lualib.h */ = {isa = PBXFileReference; fileEncoding = 4; lastKnownFileType = sourcecode.c.h; path = lualib.h; sourceTree = "<group>"; };
		7C5A61271D6ADABD007D4308 /* lundump.c */ = {isa = PBXFileReference; fileEncoding = 4; lastKnownFileType = sourcecode.c.c; path = lundump.c; sourceTree = "<group>"; };
		7C5A61281D6ADABD007D4308 /* lundump.h */ = {isa = PBXFileReference; fileEncoding = 4; lastKnownFileType = sourcecode.c.h; path = lundump.h; sourceTree = "<group>"; };
		7C5A61291D6ADABD007D4308 /* lutf8lib.c */ = {isa = PBXFileReference; fileEncoding = 4; lastKnownFileType = sourcecode.c.c; path = lutf8lib.c; sourceTree = "<group>"; };
		7C5A612A1D6ADABD007D4308 /* lvm.c */ = {isa = PBXFileReference; fileEncoding = 4; lastKnownFileType = sourcecode.c.c; path = lvm.c; sourceTree = "<group>"; };
		7C5A612B1D6ADABD007D4308 /* lvm.h */ = {isa = PBXFileReference; fileEncoding = 4; lastKnownFileType = sourcecode.c.h; path = lvm.h; sourceTree = "<group>"; };
		7C5A612C1D6ADABD007D4308 /* lzio.c */ = {isa = PBXFileReference; fileEncoding = 4; lastKnownFileType = sourcecode.c.c; path = lzio.c; sourceTree = "<group>"; };
		7C5A612D1D6ADABD007D4308 /* lzio.h */ = {isa = PBXFileReference; fileEncoding = 4; lastKnownFileType = sourcecode.c.h; path = lzio.h; sourceTree = "<group>"; };
/* End PBXFileReference section */

/* Begin PBXFrameworksBuildPhase section */
		7C5A60E11D6ADA8D007D4308 /* Frameworks */ = {
			isa = PBXFrameworksBuildPhase;
			buildActionMask = 2147483647;
			files = (
			);
			runOnlyForDeploymentPostprocessing = 0;
		};
/* End PBXFrameworksBuildPhase section */

/* Begin PBXGroup section */
		7C5A60DB1D6ADA8D007D4308 = {
			isa = PBXGroup;
			children = (
				7C5A60F01D6ADABD007D4308 /* src */,
				7C5A60E51D6ADA8D007D4308 /* Products */,
			);
			sourceTree = "<group>";
		};
		7C5A60E51D6ADA8D007D4308 /* Products */ = {
			isa = PBXGroup;
			children = (
				7C5A60E41D6ADA8D007D4308 /* liblua.a */,
			);
			name = Products;
			sourceTree = "<group>";
		};
		7C5A60F01D6ADABD007D4308 /* src */ = {
			isa = PBXGroup;
			children = (
				7C5A60F11D6ADABD007D4308 /* lapi.c */,
				7C5A60F21D6ADABD007D4308 /* lapi.h */,
				7C5A60F31D6ADABD007D4308 /* lauxlib.c */,
				7C5A60F41D6ADABD007D4308 /* lauxlib.h */,
				7C5A60F51D6ADABD007D4308 /* lbaselib.c */,
				7C5A60F61D6ADABD007D4308 /* lbitlib.c */,
				7C5A60F71D6ADABD007D4308 /* lcode.c */,
				7C5A60F81D6ADABD007D4308 /* lcode.h */,
				7C5A60F91D6ADABD007D4308 /* lcorolib.c */,
				7C5A60FA1D6ADABD007D4308 /* lctype.c */,
				7C5A60FB1D6ADABD007D4308 /* lctype.h */,
				7C5A60FC1D6ADABD007D4308 /* ldblib.c */,
				7C5A60FD1D6ADABD007D4308 /* ldebug.c */,
				7C5A60FE1D6ADABD007D4308 /* ldebug.h */,
				7C5A60FF1D6ADABD007D4308 /* ldo.c */,
				7C5A61001D6ADABD007D4308 /* ldo.h */,
				7C5A61011D6ADABD007D4308 /* ldump.c */,
				7C5A61021D6ADABD007D4308 /* lfunc.c */,
				7C5A61031D6ADABD007D4308 /* lfunc.h */,
				7C5A61041D6ADABD007D4308 /* lgc.c */,
				7C5A61051D6ADABD007D4308 /* lgc.h */,
				7C5A61061D6ADABD007D4308 /* linit.c */,
				7C5A61071D6ADABD007D4308 /* liolib.c */,
				7C5A61081D6ADABD007D4308 /* llex.c */,
				7C5A61091D6ADABD007D4308 /* llex.h */,
				7C5A610A1D6ADABD007D4308 /* llimits.h */,
				7C5A610B1D6ADABD007D4308 /* lmathlib.c */,
				7C5A610C1D6ADABD007D4308 /* lmem.c */,
				7C5A610D1D6ADABD007D4308 /* lmem.h */,
				7C5A610E1D6ADABD007D4308 /* loadlib.c */,
				7C5A610F1D6ADABD007D4308 /* lobject.c */,
				7C5A61101D6ADABD007D4308 /* lobject.h */,
				7C5A61111D6ADABD007D4308 /* lopcodes.c */,
				7C5A61121D6ADABD007D4308 /* lopcodes.h */,
				7C5A61131D6ADABD007D4308 /* loslib.c */,
				7C5A61141D6ADABD007D4308 /* lparser.c */,
				7C5A61151D6ADABD007D4308 /* lparser.h */,
				7C5A61161D6ADABD007D4308 /* lprefix.h */,
				7C5A61171D6ADABD007D4308 /* lstate.c */,
				7C5A61181D6ADABD007D4308 /* lstate.h */,
				7C5A61191D6ADABD007D4308 /* lstring.c */,
				7C5A611A1D6ADABD007D4308 /* lstring.h */,
				7C5A611B1D6ADABD007D4308 /* lstrlib.c */,
				7C5A611C1D6ADABD007D4308 /* ltable.c */,
				7C5A611D1D6ADABD007D4308 /* ltable.h */,
				7C5A611E1D6ADABD007D4308 /* ltablib.c */,
				7C5A611F1D6ADABD007D4308 /* ltm.c */,
				7C5A61201D6ADABD007D4308 /* ltm.h */,
				7C5A61211D6ADABD007D4308 /* lua.c */,
				7C5A61221D6ADABD007D4308 /* lua.h */,
				7C5A61231D6ADABD007D4308 /* lua.hpp */,
				7C5A61241D6ADABD007D4308 /* luac.c */,
				7C5A61251D6ADABD007D4308 /* luaconf.h */,
				7C5A61261D6ADABD007D4308 /* lualib.h */,
				7C5A61271D6ADABD007D4308 /* lundump.c */,
				7C5A61281D6ADABD007D4308 /* lundump.h */,
				7C5A61291D6ADABD007D4308 /* lutf8lib.c */,
				7C5A612A1D6ADABD007D4308 /* lvm.c */,
				7C5A612B1D6ADABD007D4308 /* lvm.h */,
				7C5A612C1D6ADABD007D4308 /* lzio.c */,
				7C5A612D1D6ADABD007D4308 /* lzio.h */,
			);
			name = src;
			path = ../src;
			sourceTree = "<group>";
		};
/* End PBXGroup section */

/* Begin PBXNativeTarget section */
		7C5A60E31D6ADA8D007D4308 /* lua */ = {
			isa = PBXNativeTarget;
			buildConfigurationList = 7C5A60ED1D6ADA8D007D4308 /* Build configuration list for PBXNativeTarget "lua" */;
			buildPhases = (
				7C5A60E01D6ADA8D007D4308 /* Sources */,
				7C5A60E11D6ADA8D007D4308 /* Frameworks */,
				7C5A60E21D6ADA8D007D4308 /* CopyFiles */,
			);
			buildRules = (
			);
			dependencies = (
			);
			name = lua;
			productName = lua;
			productReference = 7C5A60E41D6ADA8D007D4308 /* liblua.a */;
			productType = "com.apple.product-type.library.static";
		};
/* End PBXNativeTarget section */

/* Begin PBXProject section */
		7C5A60DC1D6ADA8D007D4308 /* Project object */ = {
			isa = PBXProject;
			attributes = {
				LastUpgradeCheck = 0730;
				ORGANIZATIONNAME = vimfung;
				TargetAttributes = {
					7C5A60E31D6ADA8D007D4308 = {
						CreatedOnToolsVersion = 7.3;
					};
				};
			};
			buildConfigurationList = 7C5A60DF1D6ADA8D007D4308 /* Build configuration list for PBXProject "lua" */;
			compatibilityVersion = "Xcode 3.2";
			developmentRegion = English;
			hasScannedForEncodings = 0;
			knownRegions = (
				en,
			);
			mainGroup = 7C5A60DB1D6ADA8D007D4308;
			productRefGroup = 7C5A60E51D6ADA8D007D4308 /* Products */;
			projectDirPath = "";
			projectRoot = "";
			targets = (
				7C5A60E31D6ADA8D007D4308 /* lua */,
			);
		};
/* End PBXProject section */

/* Begin PBXSourcesBuildPhase section */
		7C5A60E01D6ADA8D007D4308 /* Sources */ = {
			isa = PBXSourcesBuildPhase;
			buildActionMask = 2147483647;
			files = (
				7C5A61491D6ADABD007D4308 /* ltable.c in Sources */,
				7C5A613A1D6ADABD007D4308 /* lfunc.c in Sources */,
				7C5A61351D6ADABD007D4308 /* lctype.c in Sources */,
				7C5A61321D6ADABD007D4308 /* lbitlib.c in Sources */,
				7C5A614F1D6ADABD007D4308 /* lutf8lib.c in Sources */,
				7C5A614D1D6ADABD007D4308 /* luac.c in Sources */,
				7C5A613B1D6ADABD007D4308 /* lgc.c in Sources */,
				7C5A613F1D6ADABD007D4308 /* lmathlib.c in Sources */,
				7C5A61451D6ADABD007D4308 /* lparser.c in Sources */,
				7C5A61361D6ADABD007D4308 /* ldblib.c in Sources */,
				7C5A61511D6ADABD007D4308 /* lzio.c in Sources */,
				7C5A614B1D6ADABD007D4308 /* ltm.c in Sources */,
				7C5A61411D6ADABD007D4308 /* loadlib.c in Sources */,
				7C5A612F1D6ADABD007D4308 /* lapi.c in Sources */,
				7C5A61301D6ADABD007D4308 /* lauxlib.c in Sources */,
				7C5A61341D6ADABD007D4308 /* lcorolib.c in Sources */,
				7C5A61441D6ADABD007D4308 /* loslib.c in Sources */,
				7C5A61311D6ADABD007D4308 /* lbaselib.c in Sources */,
				7C5A61401D6ADABD007D4308 /* lmem.c in Sources */,
				7C5A61461D6ADABD007D4308 /* lstate.c in Sources */,
				7C5A61501D6ADABD007D4308 /* lvm.c in Sources */,
				7C5A613D1D6ADABD007D4308 /* liolib.c in Sources */,
				7C5A61481D6ADABD007D4308 /* lstrlib.c in Sources */,
				7C5A61421D6ADABD007D4308 /* lobject.c in Sources */,
				7C5A61371D6ADABD007D4308 /* ldebug.c in Sources */,
				7C5A614A1D6ADABD007D4308 /* ltablib.c in Sources */,
				7C5A61471D6ADABD007D4308 /* lstring.c in Sources */,
				7C5A613C1D6ADABD007D4308 /* linit.c in Sources */,
				7C5A614C1D6ADABD007D4308 /* lua.c in Sources */,
				7C5A613E1D6ADABD007D4308 /* llex.c in Sources */,
				7C5A61331D6ADABD007D4308 /* lcode.c in Sources */,
				7C5A61381D6ADABD007D4308 /* ldo.c in Sources */,
				7C5A61431D6ADABD007D4308 /* lopcodes.c in Sources */,
				7C5A61391D6ADABD007D4308 /* ldump.c in Sources */,
				7C5A614E1D6ADABD007D4308 /* lundump.c in Sources */,
			);
			runOnlyForDeploymentPostprocessing = 0;
		};
/* End PBXSourcesBuildPhase section */

/* Begin XCBuildConfiguration section */
		7C5A60EB1D6ADA8D007D4308 /* Debug */ = {
			isa = XCBuildConfiguration;
			buildSettings = {
				ALWAYS_SEARCH_USER_PATHS = NO;
				CLANG_ANALYZER_NONNULL = YES;
				CLANG_CXX_LANGUAGE_STANDARD = "gnu++0x";
				CLANG_CXX_LIBRARY = "libc++";
				CLANG_ENABLE_MODULES = YES;
				CLANG_ENABLE_OBJC_ARC = YES;
				CLANG_WARN_BOOL_CONVERSION = YES;
				CLANG_WARN_CONSTANT_CONVERSION = YES;
				CLANG_WARN_DIRECT_OBJC_ISA_USAGE = YES_ERROR;
				CLANG_WARN_EMPTY_BODY = YES;
				CLANG_WARN_ENUM_CONVERSION = YES;
				CLANG_WARN_INT_CONVERSION = YES;
				CLANG_WARN_OBJC_ROOT_CLASS = YES_ERROR;
				CLANG_WARN_UNREACHABLE_CODE = YES;
				CLANG_WARN__DUPLICATE_METHOD_MATCH = YES;
				"CODE_SIGN_IDENTITY[sdk=iphoneos*]" = "iPhone Developer";
				COPY_PHASE_STRIP = NO;
				DEBUG_INFORMATION_FORMAT = dwarf;
				ENABLE_STRICT_OBJC_MSGSEND = YES;
				ENABLE_TESTABILITY = YES;
				GCC_C_LANGUAGE_STANDARD = gnu99;
				GCC_DYNAMIC_NO_PIC = NO;
				GCC_NO_COMMON_BLOCKS = YES;
				GCC_OPTIMIZATION_LEVEL = 0;
				GCC_PREPROCESSOR_DEFINITIONS = (
					"DEBUG=1",
					"$(inherited)",
				);
				GCC_WARN_64_TO_32_BIT_CONVERSION = YES;
				GCC_WARN_ABOUT_RETURN_TYPE = YES_ERROR;
				GCC_WARN_UNDECLARED_SELECTOR = YES;
				GCC_WARN_UNINITIALIZED_AUTOS = YES_AGGRESSIVE;
				GCC_WARN_UNUSED_FUNCTION = YES;
				GCC_WARN_UNUSED_VARIABLE = YES;
				IPHONEOS_DEPLOYMENT_TARGET = 9.3;
				MTL_ENABLE_DEBUG_INFO = YES;
				ONLY_ACTIVE_ARCH = YES;
				SDKROOT = iphoneos;
			};
			name = Debug;
		};
		7C5A60EC1D6ADA8D007D4308 /* Release */ = {
			isa = XCBuildConfiguration;
			buildSettings = {
				ALWAYS_SEARCH_USER_PATHS = NO;
				CLANG_ANALYZER_NONNULL = YES;
				CLANG_CXX_LANGUAGE_STANDARD = "gnu++0x";
				CLANG_CXX_LIBRARY = "libc++";
				CLANG_ENABLE_MODULES = YES;
				CLANG_ENABLE_OBJC_ARC = YES;
				CLANG_WARN_BOOL_CONVERSION = YES;
				CLANG_WARN_CONSTANT_CONVERSION = YES;
				CLANG_WARN_DIRECT_OBJC_ISA_USAGE = YES_ERROR;
				CLANG_WARN_EMPTY_BODY = YES;
				CLANG_WARN_ENUM_CONVERSION = YES;
				CLANG_WARN_INT_CONVERSION = YES;
				CLANG_WARN_OBJC_ROOT_CLASS = YES_ERROR;
				CLANG_WARN_UNREACHABLE_CODE = YES;
				CLANG_WARN__DUPLICATE_METHOD_MATCH = YES;
				"CODE_SIGN_IDENTITY[sdk=iphoneos*]" = "iPhone Developer";
				COPY_PHASE_STRIP = NO;
				DEBUG_INFORMATION_FORMAT = "dwarf-with-dsym";
				ENABLE_NS_ASSERTIONS = NO;
				ENABLE_STRICT_OBJC_MSGSEND = YES;
				GCC_C_LANGUAGE_STANDARD = gnu99;
				GCC_NO_COMMON_BLOCKS = YES;
				GCC_WARN_64_TO_32_BIT_CONVERSION = YES;
				GCC_WARN_ABOUT_RETURN_TYPE = YES_ERROR;
				GCC_WARN_UNDECLARED_SELECTOR = YES;
				GCC_WARN_UNINITIALIZED_AUTOS = YES_AGGRESSIVE;
				GCC_WARN_UNUSED_FUNCTION = YES;
				GCC_WARN_UNUSED_VARIABLE = YES;
				IPHONEOS_DEPLOYMENT_TARGET = 9.3;
				MTL_ENABLE_DEBUG_INFO = NO;
				SDKROOT = iphoneos;
				VALIDATE_PRODUCT = YES;
			};
			name = Release;
		};
		7C5A60EE1D6ADA8D007D4308 /* Debug */ = {
			isa = XCBuildConfiguration;
			buildSettings = {
				OTHER_LDFLAGS = "-ObjC";
				PRODUCT_NAME = "$(TARGET_NAME)";
				SKIP_INSTALL = YES;
			};
			name = Debug;
		};
		7C5A60EF1D6ADA8D007D4308 /* Release */ = {
			isa = XCBuildConfiguration;
			buildSettings = {
				OTHER_LDFLAGS = "-ObjC";
				PRODUCT_NAME = "$(TARGET_NAME)";
				SKIP_INSTALL = YES;
			};
			name = Release;
		};
/* End XCBuildConfiguration section */

/* Begin XCConfigurationList section */
		7C5A60DF1D6ADA8D007D4308 /* Build configuration list for PBXProject "lua" */ = {
			isa = XCConfigurationList;
			buildConfigurations = (
				7C5A60EB1D6ADA8D007D4308 /* Debug */,
				7C5A60EC1D6ADA8D007D4308 /* Release */,
			);
			defaultConfigurationIsVisible = 0;
			defaultConfigurationName = Release;
		};
		7C5A60ED1D6ADA8D007D4308 /* Build configuration list for PBXNativeTarget "lua" */ = {
			isa = XCConfigurationList;
			buildConfigurations = (
				7C5A60EE1D6ADA8D007D4308 /* Debug */,
				7C5A60EF1D6ADA8D007D4308 /* Release */,
			);
			defaultConfigurationIsVisible = 0;
			defaultConfigurationName = Release;
		};
/* End XCConfigurationList section */
	};
	rootObject = 7C5A60DC1D6ADA8D007D4308 /* Project object */;
}
